// !$*UTF8*$!
{
	archiveVersion = 1;
	classes = {
	};
	objectVersion = 46;
	objects = {

/* Begin PBXBuildFile section */
		5E03C740197F651B00726522 /* UIImageViewModeScaleAspect.m in Sources */ = {isa = PBXBuildFile; fileRef = 5E03C73F197F651B00726522 /* UIImageViewModeScaleAspect.m */; };
		5E03C743197F655000726522 /* BIExpandImageHelper.swift in Sources */ = {isa = PBXBuildFile; fileRef = 5E03C742197F655000726522 /* BIExpandImageHelper.swift */; };
		5E03C746197F6C7600726522 /* BIImageViewController.swift in Sources */ = {isa = PBXBuildFile; fileRef = 5E03C744197F6C7600726522 /* BIImageViewController.swift */; };
		5E03C747197F6C7600726522 /* BIImageViewController.xib in Resources */ = {isa = PBXBuildFile; fileRef = 5E03C745197F6C7600726522 /* BIImageViewController.xib */; };
		5E08086E18CEC8780073EE49 /* BIFollowerTableViewCell.m in Sources */ = {isa = PBXBuildFile; fileRef = 5E08086D18CEC8780073EE49 /* BIFollowerTableViewCell.m */; };
		5E16ED2118BB2D7400621CAE /* NSArray+BlinkIt.m in Sources */ = {isa = PBXBuildFile; fileRef = 5E16ED2018BB2D7400621CAE /* NSArray+BlinkIt.m */; };
		5E2F088C188F7B1400C633C7 /* BIPaginationTableViewCell.m in Sources */ = {isa = PBXBuildFile; fileRef = 5E2F088B188F7B1400C633C7 /* BIPaginationTableViewCell.m */; };
		5E3420D618A488240088A270 /* BINoFollowResultsTableViewCell.m in Sources */ = {isa = PBXBuildFile; fileRef = 5E3420D518A488240088A270 /* BINoFollowResultsTableViewCell.m */; };
		5E3420D918A4B3CD0088A270 /* BIFeedTableViewCell.m in Sources */ = {isa = PBXBuildFile; fileRef = 5E3420D818A4B3CD0088A270 /* BIFeedTableViewCell.m */; };
		5E3420EA18A5E5950088A270 /* BIFeedPhotoTableViewCell.m in Sources */ = {isa = PBXBuildFile; fileRef = 5E3420E918A5E5950088A270 /* BIFeedPhotoTableViewCell.m */; };
		5E3420ED18A613490088A270 /* BIButton.m in Sources */ = {isa = PBXBuildFile; fileRef = 5E3420EC18A613490088A270 /* BIButton.m */; };
		5E3420F018A8B47C0088A270 /* BIPendingRequestTableViewCell.m in Sources */ = {isa = PBXBuildFile; fileRef = 5E3420EF18A8B47C0088A270 /* BIPendingRequestTableViewCell.m */; };
		5E42D3EF189C9FFD00F651E0 /* BIFeedViewController.m in Sources */ = {isa = PBXBuildFile; fileRef = 5E42D3EE189C9FFD00F651E0 /* BIFeedViewController.m */; };
		5E42D3F4189CA40800F651E0 /* BIFollowViewController.m in Sources */ = {isa = PBXBuildFile; fileRef = 5E42D3F3189CA40800F651E0 /* BIFollowViewController.m */; };
		5E42D3F7189CA77200F651E0 /* BIFollowingViewController.m in Sources */ = {isa = PBXBuildFile; fileRef = 5E42D3F6189CA77200F651E0 /* BIFollowingViewController.m */; };
		5E42D3FA189CA77C00F651E0 /* BIFollowersViewController.m in Sources */ = {isa = PBXBuildFile; fileRef = 5E42D3F9189CA77C00F651E0 /* BIFollowersViewController.m */; };
		5E42D400189CAE3700F651E0 /* BIDataStore.m in Sources */ = {isa = PBXBuildFile; fileRef = 5E42D3FF189CAE3700F651E0 /* BIDataStore.m */; };
		5E42D404189CB7C300F651E0 /* BIFollowingTableViewCell.m in Sources */ = {isa = PBXBuildFile; fileRef = 5E42D403189CB7C300F651E0 /* BIFollowingTableViewCell.m */; };
		5E42D408189CDB7200F651E0 /* BIFollowManager.m in Sources */ = {isa = PBXBuildFile; fileRef = 5E42D407189CDB7200F651E0 /* BIFollowManager.m */; };
		5E42D40B189CDF3500F651E0 /* BIConstants.m in Sources */ = {isa = PBXBuildFile; fileRef = 5E42D40A189CDF3500F651E0 /* BIConstants.m */; };
		5E4EAEA919984743003E31B7 /* BIFlashbackFeedViewController.m in Sources */ = {isa = PBXBuildFile; fileRef = 5E4EAEA819984743003E31B7 /* BIFlashbackFeedViewController.m */; };
		5E55D4E618BDBA8A00FE5168 /* BIFileSystemImageCache.m in Sources */ = {isa = PBXBuildFile; fileRef = 5E55D4E518BDBA8A00FE5168 /* BIFileSystemImageCache.m */; };
		5E55D4E918BDC92000FE5168 /* BIReminderTimeViewController.m in Sources */ = {isa = PBXBuildFile; fileRef = 5E55D4E818BDC92000FE5168 /* BIReminderTimeViewController.m */; };
		5E55D4EC18BDE0A100FE5168 /* BIHomeHeaderView.m in Sources */ = {isa = PBXBuildFile; fileRef = 5E55D4EB18BDE0A100FE5168 /* BIHomeHeaderView.m */; };
		5E55D4F018BDE0D300FE5168 /* BIHomeHeaderView.xib in Resources */ = {isa = PBXBuildFile; fileRef = 5E55D4EF18BDE0D300FE5168 /* BIHomeHeaderView.xib */; };
		5E566F7018C5BB8D00C52D06 /* BIWebViewController.m in Sources */ = {isa = PBXBuildFile; fileRef = 5E566F6E18C5BB8D00C52D06 /* BIWebViewController.m */; };
		5E566F7118C5BB8D00C52D06 /* BIWebViewController.xib in Resources */ = {isa = PBXBuildFile; fileRef = 5E566F6F18C5BB8D00C52D06 /* BIWebViewController.xib */; };
		5E6392701888EA9800D1AE80 /* BIPhotoViewController.m in Sources */ = {isa = PBXBuildFile; fileRef = 5E63926F1888EA9800D1AE80 /* BIPhotoViewController.m */; };
		5E6392721888F09600D1AE80 /* BIPhotoViewController.xib in Resources */ = {isa = PBXBuildFile; fileRef = 5E6392711888F09600D1AE80 /* BIPhotoViewController.xib */; };
		5E63927B1889227F00D1AE80 /* BIHomePhotoTableViewCell.m in Sources */ = {isa = PBXBuildFile; fileRef = 5E63927A1889227F00D1AE80 /* BIHomePhotoTableViewCell.m */; };
		5E639291188BA52F00D1AE80 /* BISettingsViewController.m in Sources */ = {isa = PBXBuildFile; fileRef = 5E639290188BA52F00D1AE80 /* BISettingsViewController.m */; };
		5E639297188BB5CE00D1AE80 /* BIUserDefaultsKeys.m in Sources */ = {isa = PBXBuildFile; fileRef = 5E639296188BB5CE00D1AE80 /* BIUserDefaultsKeys.m */; };
		5E6F4B5E18A9E9B7006289D0 /* BIMixpanelHelper.m in Sources */ = {isa = PBXBuildFile; fileRef = 5E6F4B5D18A9E9B7006289D0 /* BIMixpanelHelper.m */; };
		5E72976918A9F312008D356C /* AdSupport.framework in Frameworks */ = {isa = PBXBuildFile; fileRef = 5E72976818A9F312008D356C /* AdSupport.framework */; };
		5E72976B18A9F31C008D356C /* Accelerate.framework in Frameworks */ = {isa = PBXBuildFile; fileRef = 5E72976A18A9F31C008D356C /* Accelerate.framework */; };
		5E72976D18A9F32A008D356C /* CoreTelephony.framework in Frameworks */ = {isa = PBXBuildFile; fileRef = 5E72976C18A9F32A008D356C /* CoreTelephony.framework */; };
		5E7297B318A9F472008D356C /* Mixpanel.m in Sources */ = {isa = PBXBuildFile; fileRef = 5E7297B218A9F472008D356C /* Mixpanel.m */; };
		5E7297B618AA2357008D356C /* MPNotification.m in Sources */ = {isa = PBXBuildFile; fileRef = 5E7297B518AA2357008D356C /* MPNotification.m */; };
		5E7297B918AA2364008D356C /* MPNotificationViewController.m in Sources */ = {isa = PBXBuildFile; fileRef = 5E7297B818AA2364008D356C /* MPNotificationViewController.m */; };
		5E7297BC18AA237C008D356C /* MPSurvey.m in Sources */ = {isa = PBXBuildFile; fileRef = 5E7297BB18AA237C008D356C /* MPSurvey.m */; };
		5E7297C818AA23A0008D356C /* MPSurveyQuestionViewController.m in Sources */ = {isa = PBXBuildFile; fileRef = 5E7297BD18AA23A0008D356C /* MPSurveyQuestionViewController.m */; };
		5E7297C918AA23A0008D356C /* NSData+MPBase64.m in Sources */ = {isa = PBXBuildFile; fileRef = 5E7297BF18AA23A0008D356C /* NSData+MPBase64.m */; };
		5E7297CA18AA23A0008D356C /* UIColor+MPColor.m in Sources */ = {isa = PBXBuildFile; fileRef = 5E7297C118AA23A0008D356C /* UIColor+MPColor.m */; };
		5E7297CB18AA23A0008D356C /* UIImage+MPAverageColor.m in Sources */ = {isa = PBXBuildFile; fileRef = 5E7297C318AA23A0008D356C /* UIImage+MPAverageColor.m */; };
		5E7297CC18AA23A0008D356C /* UIImage+MPImageEffects.m in Sources */ = {isa = PBXBuildFile; fileRef = 5E7297C518AA23A0008D356C /* UIImage+MPImageEffects.m */; };
		5E7297CD18AA23A0008D356C /* UIView+MPSnapshotImage.m in Sources */ = {isa = PBXBuildFile; fileRef = 5E7297C718AA23A0008D356C /* UIView+MPSnapshotImage.m */; };
		5E7297D518AA23C9008D356C /* MPNotification.storyboard in Resources */ = {isa = PBXBuildFile; fileRef = 5E7297CE18AA23C9008D356C /* MPNotification.storyboard */; };
		5E7297D618AA23C9008D356C /* MPSurvey.storyboard in Resources */ = {isa = PBXBuildFile; fileRef = 5E7297CF18AA23C9008D356C /* MPSurvey.storyboard */; };
		5E7297D718AA23C9008D356C /* MPSurveyNavigationController.m in Sources */ = {isa = PBXBuildFile; fileRef = 5E7297D118AA23C9008D356C /* MPSurveyNavigationController.m */; };
		5E7297D818AA23C9008D356C /* MPSurveyQuestion.m in Sources */ = {isa = PBXBuildFile; fileRef = 5E7297D318AA23C9008D356C /* MPSurveyQuestion.m */; };
		5E79D004189A363600529EBE /* FacebookSDK.framework in Frameworks */ = {isa = PBXBuildFile; fileRef = 5E79D003189A363600529EBE /* FacebookSDK.framework */; };
		5E79D006189A372000529EBE /* StoreKit.framework in Frameworks */ = {isa = PBXBuildFile; fileRef = 5E79D005189A372000529EBE /* StoreKit.framework */; };
		5E79D009189A45AE00529EBE /* BIFacebookUserManager.m in Sources */ = {isa = PBXBuildFile; fileRef = 5E79D008189A45AE00529EBE /* BIFacebookUserManager.m */; };
		5E99D19F18B324DB00862462 /* BIComposeBlinkViewController.m in Sources */ = {isa = PBXBuildFile; fileRef = 5E99D19E18B324DB00862462 /* BIComposeBlinkViewController.m */; };
		5E99D1A218B38D1A00862462 /* BIDeleteBlinkHelper.m in Sources */ = {isa = PBXBuildFile; fileRef = 5E99D1A118B38D1A00862462 /* BIDeleteBlinkHelper.m */; };
		5E99D1AA18B452BD00862462 /* BIProfileViewController.m in Sources */ = {isa = PBXBuildFile; fileRef = 5E99D1A918B452BD00862462 /* BIProfileViewController.m */; };
		5E9D037218AB2FD900634EB9 /* Crashlytics.framework in Frameworks */ = {isa = PBXBuildFile; fileRef = 5E9D037118AB2FD900634EB9 /* Crashlytics.framework */; };
		5E9D037818AB30F800634EB9 /* BICrashlyticsHelper.m in Sources */ = {isa = PBXBuildFile; fileRef = 5E9D037718AB30F800634EB9 /* BICrashlyticsHelper.m */; };
		5E9D037A18AB3D2000634EB9 /* BIFeedTableViewCell.xib in Resources */ = {isa = PBXBuildFile; fileRef = 5E9D037918AB3D2000634EB9 /* BIFeedTableViewCell.xib */; };
		5E9D037C18AB3D2B00634EB9 /* BIFeedPhotoTableViewCell.xib in Resources */ = {isa = PBXBuildFile; fileRef = 5E9D037B18AB3D2B00634EB9 /* BIFeedPhotoTableViewCell.xib */; };
		5E9D037E18AB3DFA00634EB9 /* BIHomeTableViewCell.xib in Resources */ = {isa = PBXBuildFile; fileRef = 5E9D037D18AB3DFA00634EB9 /* BIHomeTableViewCell.xib */; };
		5E9D038018AB3E0600634EB9 /* BIHomePhotoTableViewCell.xib in Resources */ = {isa = PBXBuildFile; fileRef = 5E9D037F18AB3E0600634EB9 /* BIHomePhotoTableViewCell.xib */; };
		5E9D038818AB724000634EB9 /* BINotificationsViewController.m in Sources */ = {isa = PBXBuildFile; fileRef = 5E9D038718AB724000634EB9 /* BINotificationsViewController.m */; };
		5E9D038B18AB736C00634EB9 /* BINotificationFollowRequestCell.m in Sources */ = {isa = PBXBuildFile; fileRef = 5E9D038A18AB736C00634EB9 /* BINotificationFollowRequestCell.m */; };
		5E9D038E18AB87E600634EB9 /* BINotificationHelper.m in Sources */ = {isa = PBXBuildFile; fileRef = 5E9D038D18AB87E600634EB9 /* BINotificationHelper.m */; };
		5E9DF17E18AA348000FA69E5 /* BITabBarController.m in Sources */ = {isa = PBXBuildFile; fileRef = 5E9DF17D18AA348000FA69E5 /* BITabBarController.m */; };
		5EAB8AA6187E73DF00B02953 /* CoreGraphics.framework in Frameworks */ = {isa = PBXBuildFile; fileRef = 5EAB8AA5187E73DF00B02953 /* CoreGraphics.framework */; };
		5EAB8AA8187E73DF00B02953 /* UIKit.framework in Frameworks */ = {isa = PBXBuildFile; fileRef = 5EAB8AA7187E73DF00B02953 /* UIKit.framework */; };
		5EAB8AAE187E73DF00B02953 /* InfoPlist.strings in Resources */ = {isa = PBXBuildFile; fileRef = 5EAB8AAC187E73DF00B02953 /* InfoPlist.strings */; };
		5EAB8AB0187E73DF00B02953 /* main.m in Sources */ = {isa = PBXBuildFile; fileRef = 5EAB8AAF187E73DF00B02953 /* main.m */; };
		5EAB8AB4187E73DF00B02953 /* BIAppDelegate.m in Sources */ = {isa = PBXBuildFile; fileRef = 5EAB8AB3187E73DF00B02953 /* BIAppDelegate.m */; };
		5EAB8AB7187E73DF00B02953 /* Main.storyboard in Resources */ = {isa = PBXBuildFile; fileRef = 5EAB8AB5187E73DF00B02953 /* Main.storyboard */; };
		5EAB8ABC187E73DF00B02953 /* Images.xcassets in Resources */ = {isa = PBXBuildFile; fileRef = 5EAB8ABB187E73DF00B02953 /* Images.xcassets */; };
		5EAB8AC3187E73DF00B02953 /* XCTest.framework in Frameworks */ = {isa = PBXBuildFile; fileRef = 5EAB8AC2187E73DF00B02953 /* XCTest.framework */; };
		5EAB8AC4187E73DF00B02953 /* Foundation.framework in Frameworks */ = {isa = PBXBuildFile; fileRef = 5EAB8AA3187E73DF00B02953 /* Foundation.framework */; };
		5EAB8AC5187E73DF00B02953 /* UIKit.framework in Frameworks */ = {isa = PBXBuildFile; fileRef = 5EAB8AA7187E73DF00B02953 /* UIKit.framework */; };
		5EAB8ACD187E73DF00B02953 /* InfoPlist.strings in Resources */ = {isa = PBXBuildFile; fileRef = 5EAB8ACB187E73DF00B02953 /* InfoPlist.strings */; };
		5EAB8ACF187E73DF00B02953 /* BlinkItTests.m in Sources */ = {isa = PBXBuildFile; fileRef = 5EAB8ACE187E73DF00B02953 /* BlinkItTests.m */; };
		5EAB8ADB187E7CFF00B02953 /* BILoginViewController.m in Sources */ = {isa = PBXBuildFile; fileRef = 5EAB8ADA187E7CFF00B02953 /* BILoginViewController.m */; };
		5EAB8AE1187E7D2600B02953 /* BISignUpViewController.m in Sources */ = {isa = PBXBuildFile; fileRef = 5EAB8AE0187E7D2600B02953 /* BISignUpViewController.m */; };
		5EAB8AE4187E7D3600B02953 /* BISplashViewController.m in Sources */ = {isa = PBXBuildFile; fileRef = 5EAB8AE3187E7D3600B02953 /* BISplashViewController.m */; };
		5EAB8AFF187FC8A100B02953 /* Parse.framework in Frameworks */ = {isa = PBXBuildFile; fileRef = 5EAB8AFE187FC8A100B02953 /* Parse.framework */; };
		5EAB8B01187FC8BA00B02953 /* AudioToolbox.framework in Frameworks */ = {isa = PBXBuildFile; fileRef = 5EAB8B00187FC8BA00B02953 /* AudioToolbox.framework */; };
		5EAB8B03187FC8BF00B02953 /* CFNetwork.framework in Frameworks */ = {isa = PBXBuildFile; fileRef = 5EAB8B02187FC8BF00B02953 /* CFNetwork.framework */; };
		5EAB8B05187FC8C600B02953 /* CoreLocation.framework in Frameworks */ = {isa = PBXBuildFile; fileRef = 5EAB8B04187FC8C600B02953 /* CoreLocation.framework */; };
		5EAB8B07187FC8CD00B02953 /* libz.1.1.3.dylib in Frameworks */ = {isa = PBXBuildFile; fileRef = 5EAB8B06187FC8CD00B02953 /* libz.1.1.3.dylib */; };
		5EAB8B09187FC90000B02953 /* MobileCoreServices.framework in Frameworks */ = {isa = PBXBuildFile; fileRef = 5EAB8B08187FC90000B02953 /* MobileCoreServices.framework */; };
		5EAB8B0B187FC90500B02953 /* QuartzCore.framework in Frameworks */ = {isa = PBXBuildFile; fileRef = 5EAB8B0A187FC90500B02953 /* QuartzCore.framework */; };
		5EAB8B0D187FC90A00B02953 /* Security.framework in Frameworks */ = {isa = PBXBuildFile; fileRef = 5EAB8B0C187FC90A00B02953 /* Security.framework */; };
		5EAB8B0F187FC90F00B02953 /* SystemConfiguration.framework in Frameworks */ = {isa = PBXBuildFile; fileRef = 5EAB8B0E187FC90F00B02953 /* SystemConfiguration.framework */; };
		5EAB8B251880F3C600B02953 /* NSString+BlinkIt.m in Sources */ = {isa = PBXBuildFile; fileRef = 5EAB8B241880F3C600B02953 /* NSString+BlinkIt.m */; };
		5EAB8B291880F8AF00B02953 /* BIHomeViewController.m in Sources */ = {isa = PBXBuildFile; fileRef = 5EAB8B281880F8AF00B02953 /* BIHomeViewController.m */; };
		5EAB8B2C1881062A00B02953 /* UIStoryboard+BlinkIt.m in Sources */ = {isa = PBXBuildFile; fileRef = 5EAB8B2B1881062A00B02953 /* UIStoryboard+BlinkIt.m */; };
		5EAB8B30188118E600B02953 /* BIHomeTableViewCell.m in Sources */ = {isa = PBXBuildFile; fileRef = 5EAB8B2F188118E600B02953 /* BIHomeTableViewCell.m */; };
		5EAB8B3318811E8600B02953 /* BITableViewController.m in Sources */ = {isa = PBXBuildFile; fileRef = 5EAB8B3218811E8600B02953 /* BITableViewController.m */; };
		5EAB8B3B1881300E00B02953 /* UIView+BlinkIt.m in Sources */ = {isa = PBXBuildFile; fileRef = 5EAB8B3A1881300E00B02953 /* UIView+BlinkIt.m */; };
		5EAB8B3E1881359D00B02953 /* UIColor+BlinkIt.m in Sources */ = {isa = PBXBuildFile; fileRef = 5EAB8B3D1881359D00B02953 /* UIColor+BlinkIt.m */; };
		5EAB8B461883211700B02953 /* NSDate+BlinkIt.m in Sources */ = {isa = PBXBuildFile; fileRef = 5EAB8B451883211700B02953 /* NSDate+BlinkIt.m */; };
		5EAB8B491883B5FA00B02953 /* BIPlaceholderTextView.m in Sources */ = {isa = PBXBuildFile; fileRef = 5EAB8B481883B5FA00B02953 /* BIPlaceholderTextView.m */; };
		5EB3A5C01887A14100BCA8DB /* MBProgressHUD.m in Sources */ = {isa = PBXBuildFile; fileRef = 5EB3A5BF1887A14100BCA8DB /* MBProgressHUD.m */; };
		5EB3A5C31887A18F00BCA8DB /* BIViewController.m in Sources */ = {isa = PBXBuildFile; fileRef = 5EB3A5C21887A18F00BCA8DB /* BIViewController.m */; };
		5EB3A5C61887A2F300BCA8DB /* BIImageUploadManager.m in Sources */ = {isa = PBXBuildFile; fileRef = 5EB3A5C51887A2F300BCA8DB /* BIImageUploadManager.m */; };
		5EB8148719876FE5007B7502 /* BIMyBlinksBaseViewController.m in Sources */ = {isa = PBXBuildFile; fileRef = 5EB8148619876FE5007B7502 /* BIMyBlinksBaseViewController.m */; };
		5EB8148919877AB3007B7502 /* BIFlashbackMainViewController.swift in Sources */ = {isa = PBXBuildFile; fileRef = 5EB8148819877AB3007B7502 /* BIFlashbackMainViewController.swift */; };
		5EC8DAB81985B628000ED81C /* BIFlashbackViewController.swift in Sources */ = {isa = PBXBuildFile; fileRef = 5EC8DAB61985B628000ED81C /* BIFlashbackViewController.swift */; };
		5EDCB5C01995FE3B00ACE1DF /* BIFeedBaseViewController.m in Sources */ = {isa = PBXBuildFile; fileRef = 5EDCB5BF1995FE3B00ACE1DF /* BIFeedBaseViewController.m */; };
		5EFAA845199887CF00AEF2B1 /* Foundation.framework in Frameworks */ = {isa = PBXBuildFile; fileRef = 5EAB8AA3187E73DF00B02953 /* Foundation.framework */; };
/* End PBXBuildFile section */

/* Begin PBXContainerItemProxy section */
		5EAB8AC6187E73DF00B02953 /* PBXContainerItemProxy */ = {
			isa = PBXContainerItemProxy;
			containerPortal = 5EAB8A98187E73DF00B02953 /* Project object */;
			proxyType = 1;
			remoteGlobalIDString = 5EAB8A9F187E73DF00B02953;
			remoteInfo = BlinkIt;
		};
/* End PBXContainerItemProxy section */

/* Begin PBXFileReference section */
		5E03C73E197F651B00726522 /* UIImageViewModeScaleAspect.h */ = {isa = PBXFileReference; fileEncoding = 4; lastKnownFileType = sourcecode.c.h; path = UIImageViewModeScaleAspect.h; sourceTree = "<group>"; };
		5E03C73F197F651B00726522 /* UIImageViewModeScaleAspect.m */ = {isa = PBXFileReference; fileEncoding = 4; lastKnownFileType = sourcecode.c.objc; path = UIImageViewModeScaleAspect.m; sourceTree = "<group>"; };
		5E03C741197F654F00726522 /* BlinkIt-Bridging-Header.h */ = {isa = PBXFileReference; lastKnownFileType = sourcecode.c.h; path = "BlinkIt-Bridging-Header.h"; sourceTree = "<group>"; };
		5E03C742197F655000726522 /* BIExpandImageHelper.swift */ = {isa = PBXFileReference; fileEncoding = 4; lastKnownFileType = sourcecode.swift; path = BIExpandImageHelper.swift; sourceTree = "<group>"; };
		5E03C744197F6C7600726522 /* BIImageViewController.swift */ = {isa = PBXFileReference; fileEncoding = 4; lastKnownFileType = sourcecode.swift; path = BIImageViewController.swift; sourceTree = "<group>"; };
		5E03C745197F6C7600726522 /* BIImageViewController.xib */ = {isa = PBXFileReference; fileEncoding = 4; lastKnownFileType = file.xib; path = BIImageViewController.xib; sourceTree = "<group>"; };
		5E08086C18CEC8780073EE49 /* BIFollowerTableViewCell.h */ = {isa = PBXFileReference; fileEncoding = 4; lastKnownFileType = sourcecode.c.h; path = BIFollowerTableViewCell.h; sourceTree = "<group>"; };
		5E08086D18CEC8780073EE49 /* BIFollowerTableViewCell.m */ = {isa = PBXFileReference; fileEncoding = 4; lastKnownFileType = sourcecode.c.objc; path = BIFollowerTableViewCell.m; sourceTree = "<group>"; };
		5E16ED1F18BB2D7400621CAE /* NSArray+BlinkIt.h */ = {isa = PBXFileReference; fileEncoding = 4; lastKnownFileType = sourcecode.c.h; path = "NSArray+BlinkIt.h"; sourceTree = "<group>"; };
		5E16ED2018BB2D7400621CAE /* NSArray+BlinkIt.m */ = {isa = PBXFileReference; fileEncoding = 4; lastKnownFileType = sourcecode.c.objc; path = "NSArray+BlinkIt.m"; sourceTree = "<group>"; };
		5E2F088A188F7B1400C633C7 /* BIPaginationTableViewCell.h */ = {isa = PBXFileReference; fileEncoding = 4; lastKnownFileType = sourcecode.c.h; path = BIPaginationTableViewCell.h; sourceTree = "<group>"; };
		5E2F088B188F7B1400C633C7 /* BIPaginationTableViewCell.m */ = {isa = PBXFileReference; fileEncoding = 4; lastKnownFileType = sourcecode.c.objc; path = BIPaginationTableViewCell.m; sourceTree = "<group>"; };
		5E3420D418A488240088A270 /* BINoFollowResultsTableViewCell.h */ = {isa = PBXFileReference; fileEncoding = 4; lastKnownFileType = sourcecode.c.h; path = BINoFollowResultsTableViewCell.h; sourceTree = "<group>"; };
		5E3420D518A488240088A270 /* BINoFollowResultsTableViewCell.m */ = {isa = PBXFileReference; fileEncoding = 4; lastKnownFileType = sourcecode.c.objc; path = BINoFollowResultsTableViewCell.m; sourceTree = "<group>"; };
		5E3420D718A4B3CD0088A270 /* BIFeedTableViewCell.h */ = {isa = PBXFileReference; fileEncoding = 4; lastKnownFileType = sourcecode.c.h; path = BIFeedTableViewCell.h; sourceTree = "<group>"; };
		5E3420D818A4B3CD0088A270 /* BIFeedTableViewCell.m */ = {isa = PBXFileReference; fileEncoding = 4; lastKnownFileType = sourcecode.c.objc; path = BIFeedTableViewCell.m; sourceTree = "<group>"; };
		5E3420E818A5E5950088A270 /* BIFeedPhotoTableViewCell.h */ = {isa = PBXFileReference; fileEncoding = 4; lastKnownFileType = sourcecode.c.h; path = BIFeedPhotoTableViewCell.h; sourceTree = "<group>"; };
		5E3420E918A5E5950088A270 /* BIFeedPhotoTableViewCell.m */ = {isa = PBXFileReference; fileEncoding = 4; lastKnownFileType = sourcecode.c.objc; path = BIFeedPhotoTableViewCell.m; sourceTree = "<group>"; };
		5E3420EB18A613490088A270 /* BIButton.h */ = {isa = PBXFileReference; fileEncoding = 4; lastKnownFileType = sourcecode.c.h; path = BIButton.h; sourceTree = "<group>"; };
		5E3420EC18A613490088A270 /* BIButton.m */ = {isa = PBXFileReference; fileEncoding = 4; lastKnownFileType = sourcecode.c.objc; path = BIButton.m; sourceTree = "<group>"; };
		5E3420EE18A8B47C0088A270 /* BIPendingRequestTableViewCell.h */ = {isa = PBXFileReference; fileEncoding = 4; lastKnownFileType = sourcecode.c.h; path = BIPendingRequestTableViewCell.h; sourceTree = "<group>"; };
		5E3420EF18A8B47C0088A270 /* BIPendingRequestTableViewCell.m */ = {isa = PBXFileReference; fileEncoding = 4; lastKnownFileType = sourcecode.c.objc; path = BIPendingRequestTableViewCell.m; sourceTree = "<group>"; };
		5E42D3ED189C9FFD00F651E0 /* BIFeedViewController.h */ = {isa = PBXFileReference; fileEncoding = 4; lastKnownFileType = sourcecode.c.h; path = BIFeedViewController.h; sourceTree = "<group>"; };
		5E42D3EE189C9FFD00F651E0 /* BIFeedViewController.m */ = {isa = PBXFileReference; fileEncoding = 4; lastKnownFileType = sourcecode.c.objc; path = BIFeedViewController.m; sourceTree = "<group>"; };
		5E42D3F2189CA40800F651E0 /* BIFollowViewController.h */ = {isa = PBXFileReference; fileEncoding = 4; lastKnownFileType = sourcecode.c.h; path = BIFollowViewController.h; sourceTree = "<group>"; };
		5E42D3F3189CA40800F651E0 /* BIFollowViewController.m */ = {isa = PBXFileReference; fileEncoding = 4; lastKnownFileType = sourcecode.c.objc; path = BIFollowViewController.m; sourceTree = "<group>"; };
		5E42D3F5189CA77200F651E0 /* BIFollowingViewController.h */ = {isa = PBXFileReference; fileEncoding = 4; lastKnownFileType = sourcecode.c.h; path = BIFollowingViewController.h; sourceTree = "<group>"; };
		5E42D3F6189CA77200F651E0 /* BIFollowingViewController.m */ = {isa = PBXFileReference; fileEncoding = 4; lastKnownFileType = sourcecode.c.objc; path = BIFollowingViewController.m; sourceTree = "<group>"; };
		5E42D3F8189CA77C00F651E0 /* BIFollowersViewController.h */ = {isa = PBXFileReference; fileEncoding = 4; lastKnownFileType = sourcecode.c.h; path = BIFollowersViewController.h; sourceTree = "<group>"; };
		5E42D3F9189CA77C00F651E0 /* BIFollowersViewController.m */ = {isa = PBXFileReference; fileEncoding = 4; lastKnownFileType = sourcecode.c.objc; path = BIFollowersViewController.m; sourceTree = "<group>"; };
		5E42D3FE189CAE3700F651E0 /* BIDataStore.h */ = {isa = PBXFileReference; fileEncoding = 4; lastKnownFileType = sourcecode.c.h; path = BIDataStore.h; sourceTree = "<group>"; };
		5E42D3FF189CAE3700F651E0 /* BIDataStore.m */ = {isa = PBXFileReference; fileEncoding = 4; lastKnownFileType = sourcecode.c.objc; path = BIDataStore.m; sourceTree = "<group>"; };
		5E42D402189CB7C300F651E0 /* BIFollowingTableViewCell.h */ = {isa = PBXFileReference; fileEncoding = 4; lastKnownFileType = sourcecode.c.h; path = BIFollowingTableViewCell.h; sourceTree = "<group>"; };
		5E42D403189CB7C300F651E0 /* BIFollowingTableViewCell.m */ = {isa = PBXFileReference; fileEncoding = 4; lastKnownFileType = sourcecode.c.objc; path = BIFollowingTableViewCell.m; sourceTree = "<group>"; };
		5E42D406189CDB7200F651E0 /* BIFollowManager.h */ = {isa = PBXFileReference; fileEncoding = 4; lastKnownFileType = sourcecode.c.h; path = BIFollowManager.h; sourceTree = "<group>"; };
		5E42D407189CDB7200F651E0 /* BIFollowManager.m */ = {isa = PBXFileReference; fileEncoding = 4; lastKnownFileType = sourcecode.c.objc; path = BIFollowManager.m; sourceTree = "<group>"; };
		5E42D409189CDF3500F651E0 /* BIConstants.h */ = {isa = PBXFileReference; fileEncoding = 4; lastKnownFileType = sourcecode.c.h; path = BIConstants.h; sourceTree = "<group>"; };
		5E42D40A189CDF3500F651E0 /* BIConstants.m */ = {isa = PBXFileReference; fileEncoding = 4; lastKnownFileType = sourcecode.c.objc; path = BIConstants.m; sourceTree = "<group>"; };
		5E4EAEA719984743003E31B7 /* BIFlashbackFeedViewController.h */ = {isa = PBXFileReference; fileEncoding = 4; lastKnownFileType = sourcecode.c.h; path = BIFlashbackFeedViewController.h; sourceTree = "<group>"; };
		5E4EAEA819984743003E31B7 /* BIFlashbackFeedViewController.m */ = {isa = PBXFileReference; fileEncoding = 4; lastKnownFileType = sourcecode.c.objc; path = BIFlashbackFeedViewController.m; sourceTree = "<group>"; };
		5E55D4E418BDBA8A00FE5168 /* BIFileSystemImageCache.h */ = {isa = PBXFileReference; fileEncoding = 4; lastKnownFileType = sourcecode.c.h; path = BIFileSystemImageCache.h; sourceTree = "<group>"; };
		5E55D4E518BDBA8A00FE5168 /* BIFileSystemImageCache.m */ = {isa = PBXFileReference; fileEncoding = 4; lastKnownFileType = sourcecode.c.objc; path = BIFileSystemImageCache.m; sourceTree = "<group>"; };
		5E55D4E718BDC92000FE5168 /* BIReminderTimeViewController.h */ = {isa = PBXFileReference; fileEncoding = 4; lastKnownFileType = sourcecode.c.h; path = BIReminderTimeViewController.h; sourceTree = "<group>"; };
		5E55D4E818BDC92000FE5168 /* BIReminderTimeViewController.m */ = {isa = PBXFileReference; fileEncoding = 4; lastKnownFileType = sourcecode.c.objc; path = BIReminderTimeViewController.m; sourceTree = "<group>"; };
		5E55D4EA18BDE0A100FE5168 /* BIHomeHeaderView.h */ = {isa = PBXFileReference; fileEncoding = 4; lastKnownFileType = sourcecode.c.h; path = BIHomeHeaderView.h; sourceTree = "<group>"; };
		5E55D4EB18BDE0A100FE5168 /* BIHomeHeaderView.m */ = {isa = PBXFileReference; fileEncoding = 4; lastKnownFileType = sourcecode.c.objc; path = BIHomeHeaderView.m; sourceTree = "<group>"; };
		5E55D4EF18BDE0D300FE5168 /* BIHomeHeaderView.xib */ = {isa = PBXFileReference; fileEncoding = 4; lastKnownFileType = file.xib; path = BIHomeHeaderView.xib; sourceTree = "<group>"; };
		5E566F6D18C5BB8D00C52D06 /* BIWebViewController.h */ = {isa = PBXFileReference; fileEncoding = 4; lastKnownFileType = sourcecode.c.h; path = BIWebViewController.h; sourceTree = "<group>"; };
		5E566F6E18C5BB8D00C52D06 /* BIWebViewController.m */ = {isa = PBXFileReference; fileEncoding = 4; lastKnownFileType = sourcecode.c.objc; path = BIWebViewController.m; sourceTree = "<group>"; };
		5E566F6F18C5BB8D00C52D06 /* BIWebViewController.xib */ = {isa = PBXFileReference; fileEncoding = 4; lastKnownFileType = file.xib; path = BIWebViewController.xib; sourceTree = "<group>"; };
		5E63926E1888EA9800D1AE80 /* BIPhotoViewController.h */ = {isa = PBXFileReference; fileEncoding = 4; lastKnownFileType = sourcecode.c.h; path = BIPhotoViewController.h; sourceTree = "<group>"; };
		5E63926F1888EA9800D1AE80 /* BIPhotoViewController.m */ = {isa = PBXFileReference; fileEncoding = 4; lastKnownFileType = sourcecode.c.objc; path = BIPhotoViewController.m; sourceTree = "<group>"; };
		5E6392711888F09600D1AE80 /* BIPhotoViewController.xib */ = {isa = PBXFileReference; fileEncoding = 4; lastKnownFileType = file.xib; path = BIPhotoViewController.xib; sourceTree = "<group>"; };
		5E6392791889227F00D1AE80 /* BIHomePhotoTableViewCell.h */ = {isa = PBXFileReference; fileEncoding = 4; lastKnownFileType = sourcecode.c.h; path = BIHomePhotoTableViewCell.h; sourceTree = "<group>"; };
		5E63927A1889227F00D1AE80 /* BIHomePhotoTableViewCell.m */ = {isa = PBXFileReference; fileEncoding = 4; lastKnownFileType = sourcecode.c.objc; path = BIHomePhotoTableViewCell.m; sourceTree = "<group>"; };
		5E63928F188BA52F00D1AE80 /* BISettingsViewController.h */ = {isa = PBXFileReference; fileEncoding = 4; lastKnownFileType = sourcecode.c.h; path = BISettingsViewController.h; sourceTree = "<group>"; };
		5E639290188BA52F00D1AE80 /* BISettingsViewController.m */ = {isa = PBXFileReference; fileEncoding = 4; lastKnownFileType = sourcecode.c.objc; path = BISettingsViewController.m; sourceTree = "<group>"; };
		5E639295188BB5CE00D1AE80 /* BIUserDefaultsKeys.h */ = {isa = PBXFileReference; fileEncoding = 4; lastKnownFileType = sourcecode.c.h; path = BIUserDefaultsKeys.h; sourceTree = "<group>"; };
		5E639296188BB5CE00D1AE80 /* BIUserDefaultsKeys.m */ = {isa = PBXFileReference; fileEncoding = 4; lastKnownFileType = sourcecode.c.objc; path = BIUserDefaultsKeys.m; sourceTree = "<group>"; };
		5E6F4B5C18A9E9B7006289D0 /* BIMixpanelHelper.h */ = {isa = PBXFileReference; fileEncoding = 4; lastKnownFileType = sourcecode.c.h; path = BIMixpanelHelper.h; sourceTree = "<group>"; };
		5E6F4B5D18A9E9B7006289D0 /* BIMixpanelHelper.m */ = {isa = PBXFileReference; fileEncoding = 4; lastKnownFileType = sourcecode.c.objc; path = BIMixpanelHelper.m; sourceTree = "<group>"; };
		5E72976818A9F312008D356C /* AdSupport.framework */ = {isa = PBXFileReference; lastKnownFileType = wrapper.framework; name = AdSupport.framework; path = System/Library/Frameworks/AdSupport.framework; sourceTree = SDKROOT; };
		5E72976A18A9F31C008D356C /* Accelerate.framework */ = {isa = PBXFileReference; lastKnownFileType = wrapper.framework; name = Accelerate.framework; path = System/Library/Frameworks/Accelerate.framework; sourceTree = SDKROOT; };
		5E72976C18A9F32A008D356C /* CoreTelephony.framework */ = {isa = PBXFileReference; lastKnownFileType = wrapper.framework; name = CoreTelephony.framework; path = System/Library/Frameworks/CoreTelephony.framework; sourceTree = SDKROOT; };
		5E7297B118A9F472008D356C /* Mixpanel.h */ = {isa = PBXFileReference; fileEncoding = 4; lastKnownFileType = sourcecode.c.h; name = Mixpanel.h; path = Vendor/Mixpanel/Mixpanel.h; sourceTree = SOURCE_ROOT; };
		5E7297B218A9F472008D356C /* Mixpanel.m */ = {isa = PBXFileReference; fileEncoding = 4; lastKnownFileType = sourcecode.c.objc; name = Mixpanel.m; path = Vendor/Mixpanel/Mixpanel.m; sourceTree = SOURCE_ROOT; };
		5E7297B418AA2357008D356C /* MPNotification.h */ = {isa = PBXFileReference; fileEncoding = 4; lastKnownFileType = sourcecode.c.h; name = MPNotification.h; path = Vendor/Mixpanel/MPNotification.h; sourceTree = SOURCE_ROOT; };
		5E7297B518AA2357008D356C /* MPNotification.m */ = {isa = PBXFileReference; fileEncoding = 4; lastKnownFileType = sourcecode.c.objc; name = MPNotification.m; path = Vendor/Mixpanel/MPNotification.m; sourceTree = SOURCE_ROOT; };
		5E7297B718AA2364008D356C /* MPNotificationViewController.h */ = {isa = PBXFileReference; fileEncoding = 4; lastKnownFileType = sourcecode.c.h; name = MPNotificationViewController.h; path = Vendor/Mixpanel/MPNotificationViewController.h; sourceTree = SOURCE_ROOT; };
		5E7297B818AA2364008D356C /* MPNotificationViewController.m */ = {isa = PBXFileReference; fileEncoding = 4; lastKnownFileType = sourcecode.c.objc; name = MPNotificationViewController.m; path = Vendor/Mixpanel/MPNotificationViewController.m; sourceTree = SOURCE_ROOT; };
		5E7297BA18AA237C008D356C /* MPSurvey.h */ = {isa = PBXFileReference; fileEncoding = 4; lastKnownFileType = sourcecode.c.h; name = MPSurvey.h; path = Vendor/Mixpanel/MPSurvey.h; sourceTree = SOURCE_ROOT; };
		5E7297BB18AA237C008D356C /* MPSurvey.m */ = {isa = PBXFileReference; fileEncoding = 4; lastKnownFileType = sourcecode.c.objc; name = MPSurvey.m; path = Vendor/Mixpanel/MPSurvey.m; sourceTree = SOURCE_ROOT; };
		5E7297BD18AA23A0008D356C /* MPSurveyQuestionViewController.m */ = {isa = PBXFileReference; fileEncoding = 4; lastKnownFileType = sourcecode.c.objc; name = MPSurveyQuestionViewController.m; path = Vendor/Mixpanel/MPSurveyQuestionViewController.m; sourceTree = SOURCE_ROOT; };
		5E7297BE18AA23A0008D356C /* NSData+MPBase64.h */ = {isa = PBXFileReference; fileEncoding = 4; lastKnownFileType = sourcecode.c.h; name = "NSData+MPBase64.h"; path = "Vendor/Mixpanel/NSData+MPBase64.h"; sourceTree = SOURCE_ROOT; };
		5E7297BF18AA23A0008D356C /* NSData+MPBase64.m */ = {isa = PBXFileReference; fileEncoding = 4; lastKnownFileType = sourcecode.c.objc; name = "NSData+MPBase64.m"; path = "Vendor/Mixpanel/NSData+MPBase64.m"; sourceTree = SOURCE_ROOT; };
		5E7297C018AA23A0008D356C /* UIColor+MPColor.h */ = {isa = PBXFileReference; fileEncoding = 4; lastKnownFileType = sourcecode.c.h; name = "UIColor+MPColor.h"; path = "Vendor/Mixpanel/UIColor+MPColor.h"; sourceTree = SOURCE_ROOT; };
		5E7297C118AA23A0008D356C /* UIColor+MPColor.m */ = {isa = PBXFileReference; fileEncoding = 4; lastKnownFileType = sourcecode.c.objc; name = "UIColor+MPColor.m"; path = "Vendor/Mixpanel/UIColor+MPColor.m"; sourceTree = SOURCE_ROOT; };
		5E7297C218AA23A0008D356C /* UIImage+MPAverageColor.h */ = {isa = PBXFileReference; fileEncoding = 4; lastKnownFileType = sourcecode.c.h; name = "UIImage+MPAverageColor.h"; path = "Vendor/Mixpanel/UIImage+MPAverageColor.h"; sourceTree = SOURCE_ROOT; };
		5E7297C318AA23A0008D356C /* UIImage+MPAverageColor.m */ = {isa = PBXFileReference; fileEncoding = 4; lastKnownFileType = sourcecode.c.objc; name = "UIImage+MPAverageColor.m"; path = "Vendor/Mixpanel/UIImage+MPAverageColor.m"; sourceTree = SOURCE_ROOT; };
		5E7297C418AA23A0008D356C /* UIImage+MPImageEffects.h */ = {isa = PBXFileReference; fileEncoding = 4; lastKnownFileType = sourcecode.c.h; name = "UIImage+MPImageEffects.h"; path = "Vendor/Mixpanel/UIImage+MPImageEffects.h"; sourceTree = SOURCE_ROOT; };
		5E7297C518AA23A0008D356C /* UIImage+MPImageEffects.m */ = {isa = PBXFileReference; fileEncoding = 4; lastKnownFileType = sourcecode.c.objc; name = "UIImage+MPImageEffects.m"; path = "Vendor/Mixpanel/UIImage+MPImageEffects.m"; sourceTree = SOURCE_ROOT; };
		5E7297C618AA23A0008D356C /* UIView+MPSnapshotImage.h */ = {isa = PBXFileReference; fileEncoding = 4; lastKnownFileType = sourcecode.c.h; name = "UIView+MPSnapshotImage.h"; path = "Vendor/Mixpanel/UIView+MPSnapshotImage.h"; sourceTree = SOURCE_ROOT; };
		5E7297C718AA23A0008D356C /* UIView+MPSnapshotImage.m */ = {isa = PBXFileReference; fileEncoding = 4; lastKnownFileType = sourcecode.c.objc; name = "UIView+MPSnapshotImage.m"; path = "Vendor/Mixpanel/UIView+MPSnapshotImage.m"; sourceTree = SOURCE_ROOT; };
		5E7297CE18AA23C9008D356C /* MPNotification.storyboard */ = {isa = PBXFileReference; fileEncoding = 4; lastKnownFileType = file.storyboard; name = MPNotification.storyboard; path = Vendor/Mixpanel/MPNotification.storyboard; sourceTree = SOURCE_ROOT; };
		5E7297CF18AA23C9008D356C /* MPSurvey.storyboard */ = {isa = PBXFileReference; fileEncoding = 4; lastKnownFileType = file.storyboard; name = MPSurvey.storyboard; path = Vendor/Mixpanel/MPSurvey.storyboard; sourceTree = SOURCE_ROOT; };
		5E7297D018AA23C9008D356C /* MPSurveyNavigationController.h */ = {isa = PBXFileReference; fileEncoding = 4; lastKnownFileType = sourcecode.c.h; name = MPSurveyNavigationController.h; path = Vendor/Mixpanel/MPSurveyNavigationController.h; sourceTree = SOURCE_ROOT; };
		5E7297D118AA23C9008D356C /* MPSurveyNavigationController.m */ = {isa = PBXFileReference; fileEncoding = 4; lastKnownFileType = sourcecode.c.objc; name = MPSurveyNavigationController.m; path = Vendor/Mixpanel/MPSurveyNavigationController.m; sourceTree = SOURCE_ROOT; };
		5E7297D218AA23C9008D356C /* MPSurveyQuestion.h */ = {isa = PBXFileReference; fileEncoding = 4; lastKnownFileType = sourcecode.c.h; name = MPSurveyQuestion.h; path = Vendor/Mixpanel/MPSurveyQuestion.h; sourceTree = SOURCE_ROOT; };
		5E7297D318AA23C9008D356C /* MPSurveyQuestion.m */ = {isa = PBXFileReference; fileEncoding = 4; lastKnownFileType = sourcecode.c.objc; name = MPSurveyQuestion.m; path = Vendor/Mixpanel/MPSurveyQuestion.m; sourceTree = SOURCE_ROOT; };
		5E7297D418AA23C9008D356C /* MPSurveyQuestionViewController.h */ = {isa = PBXFileReference; fileEncoding = 4; lastKnownFileType = sourcecode.c.h; name = MPSurveyQuestionViewController.h; path = Vendor/Mixpanel/MPSurveyQuestionViewController.h; sourceTree = SOURCE_ROOT; };
		5E79D003189A363600529EBE /* FacebookSDK.framework */ = {isa = PBXFileReference; lastKnownFileType = wrapper.framework; name = FacebookSDK.framework; path = ../../FacebookSDK/FacebookSDK.framework; sourceTree = "<group>"; };
		5E79D005189A372000529EBE /* StoreKit.framework */ = {isa = PBXFileReference; lastKnownFileType = wrapper.framework; name = StoreKit.framework; path = System/Library/Frameworks/StoreKit.framework; sourceTree = SDKROOT; };
		5E79D007189A45AE00529EBE /* BIFacebookUserManager.h */ = {isa = PBXFileReference; fileEncoding = 4; lastKnownFileType = sourcecode.c.h; path = BIFacebookUserManager.h; sourceTree = "<group>"; };
		5E79D008189A45AE00529EBE /* BIFacebookUserManager.m */ = {isa = PBXFileReference; fileEncoding = 4; lastKnownFileType = sourcecode.c.objc; path = BIFacebookUserManager.m; sourceTree = "<group>"; };
		5E99D19D18B324DB00862462 /* BIComposeBlinkViewController.h */ = {isa = PBXFileReference; fileEncoding = 4; lastKnownFileType = sourcecode.c.h; path = BIComposeBlinkViewController.h; sourceTree = "<group>"; };
		5E99D19E18B324DB00862462 /* BIComposeBlinkViewController.m */ = {isa = PBXFileReference; fileEncoding = 4; lastKnownFileType = sourcecode.c.objc; path = BIComposeBlinkViewController.m; sourceTree = "<group>"; };
		5E99D1A018B38D1A00862462 /* BIDeleteBlinkHelper.h */ = {isa = PBXFileReference; fileEncoding = 4; lastKnownFileType = sourcecode.c.h; path = BIDeleteBlinkHelper.h; sourceTree = "<group>"; };
		5E99D1A118B38D1A00862462 /* BIDeleteBlinkHelper.m */ = {isa = PBXFileReference; fileEncoding = 4; lastKnownFileType = sourcecode.c.objc; path = BIDeleteBlinkHelper.m; sourceTree = "<group>"; };
		5E99D1A818B452BD00862462 /* BIProfileViewController.h */ = {isa = PBXFileReference; fileEncoding = 4; lastKnownFileType = sourcecode.c.h; path = BIProfileViewController.h; sourceTree = "<group>"; };
		5E99D1A918B452BD00862462 /* BIProfileViewController.m */ = {isa = PBXFileReference; fileEncoding = 4; lastKnownFileType = sourcecode.c.objc; path = BIProfileViewController.m; sourceTree = "<group>"; };
		5E9D037118AB2FD900634EB9 /* Crashlytics.framework */ = {isa = PBXFileReference; lastKnownFileType = wrapper.framework; path = Crashlytics.framework; sourceTree = "<group>"; };
		5E9D037618AB30F800634EB9 /* BICrashlyticsHelper.h */ = {isa = PBXFileReference; fileEncoding = 4; lastKnownFileType = sourcecode.c.h; path = BICrashlyticsHelper.h; sourceTree = "<group>"; };
		5E9D037718AB30F800634EB9 /* BICrashlyticsHelper.m */ = {isa = PBXFileReference; fileEncoding = 4; lastKnownFileType = sourcecode.c.objc; path = BICrashlyticsHelper.m; sourceTree = "<group>"; };
		5E9D037918AB3D2000634EB9 /* BIFeedTableViewCell.xib */ = {isa = PBXFileReference; fileEncoding = 4; lastKnownFileType = file.xib; path = BIFeedTableViewCell.xib; sourceTree = "<group>"; };
		5E9D037B18AB3D2B00634EB9 /* BIFeedPhotoTableViewCell.xib */ = {isa = PBXFileReference; fileEncoding = 4; lastKnownFileType = file.xib; path = BIFeedPhotoTableViewCell.xib; sourceTree = "<group>"; };
		5E9D037D18AB3DFA00634EB9 /* BIHomeTableViewCell.xib */ = {isa = PBXFileReference; fileEncoding = 4; lastKnownFileType = file.xib; path = BIHomeTableViewCell.xib; sourceTree = "<group>"; };
		5E9D037F18AB3E0600634EB9 /* BIHomePhotoTableViewCell.xib */ = {isa = PBXFileReference; fileEncoding = 4; lastKnownFileType = file.xib; path = BIHomePhotoTableViewCell.xib; sourceTree = "<group>"; };
		5E9D038618AB724000634EB9 /* BINotificationsViewController.h */ = {isa = PBXFileReference; fileEncoding = 4; lastKnownFileType = sourcecode.c.h; path = BINotificationsViewController.h; sourceTree = "<group>"; };
		5E9D038718AB724000634EB9 /* BINotificationsViewController.m */ = {isa = PBXFileReference; fileEncoding = 4; lastKnownFileType = sourcecode.c.objc; path = BINotificationsViewController.m; sourceTree = "<group>"; };
		5E9D038918AB736C00634EB9 /* BINotificationFollowRequestCell.h */ = {isa = PBXFileReference; fileEncoding = 4; lastKnownFileType = sourcecode.c.h; path = BINotificationFollowRequestCell.h; sourceTree = "<group>"; };
		5E9D038A18AB736C00634EB9 /* BINotificationFollowRequestCell.m */ = {isa = PBXFileReference; fileEncoding = 4; lastKnownFileType = sourcecode.c.objc; path = BINotificationFollowRequestCell.m; sourceTree = "<group>"; };
		5E9D038C18AB87E600634EB9 /* BINotificationHelper.h */ = {isa = PBXFileReference; fileEncoding = 4; lastKnownFileType = sourcecode.c.h; path = BINotificationHelper.h; sourceTree = "<group>"; };
		5E9D038D18AB87E600634EB9 /* BINotificationHelper.m */ = {isa = PBXFileReference; fileEncoding = 4; lastKnownFileType = sourcecode.c.objc; path = BINotificationHelper.m; sourceTree = "<group>"; };
		5E9DF17C18AA348000FA69E5 /* BITabBarController.h */ = {isa = PBXFileReference; fileEncoding = 4; lastKnownFileType = sourcecode.c.h; path = BITabBarController.h; sourceTree = "<group>"; };
		5E9DF17D18AA348000FA69E5 /* BITabBarController.m */ = {isa = PBXFileReference; fileEncoding = 4; lastKnownFileType = sourcecode.c.objc; path = BITabBarController.m; sourceTree = "<group>"; };
		5EAB8AA0187E73DF00B02953 /* BlinkIt.app */ = {isa = PBXFileReference; explicitFileType = wrapper.application; includeInIndex = 0; path = BlinkIt.app; sourceTree = BUILT_PRODUCTS_DIR; };
		5EAB8AA3187E73DF00B02953 /* Foundation.framework */ = {isa = PBXFileReference; lastKnownFileType = wrapper.framework; name = Foundation.framework; path = System/Library/Frameworks/Foundation.framework; sourceTree = SDKROOT; };
		5EAB8AA5187E73DF00B02953 /* CoreGraphics.framework */ = {isa = PBXFileReference; lastKnownFileType = wrapper.framework; name = CoreGraphics.framework; path = System/Library/Frameworks/CoreGraphics.framework; sourceTree = SDKROOT; };
		5EAB8AA7187E73DF00B02953 /* UIKit.framework */ = {isa = PBXFileReference; lastKnownFileType = wrapper.framework; name = UIKit.framework; path = System/Library/Frameworks/UIKit.framework; sourceTree = SDKROOT; };
		5EAB8AAB187E73DF00B02953 /* BlinkIt-Info.plist */ = {isa = PBXFileReference; lastKnownFileType = text.plist.xml; path = "BlinkIt-Info.plist"; sourceTree = "<group>"; };
		5EAB8AAD187E73DF00B02953 /* en */ = {isa = PBXFileReference; lastKnownFileType = text.plist.strings; name = en; path = en.lproj/InfoPlist.strings; sourceTree = "<group>"; };
		5EAB8AAF187E73DF00B02953 /* main.m */ = {isa = PBXFileReference; lastKnownFileType = sourcecode.c.objc; path = main.m; sourceTree = "<group>"; };
		5EAB8AB1187E73DF00B02953 /* BlinkIt-Prefix.pch */ = {isa = PBXFileReference; lastKnownFileType = sourcecode.c.h; path = "BlinkIt-Prefix.pch"; sourceTree = "<group>"; };
		5EAB8AB2187E73DF00B02953 /* BIAppDelegate.h */ = {isa = PBXFileReference; lastKnownFileType = sourcecode.c.h; path = BIAppDelegate.h; sourceTree = "<group>"; };
		5EAB8AB3187E73DF00B02953 /* BIAppDelegate.m */ = {isa = PBXFileReference; lastKnownFileType = sourcecode.c.objc; path = BIAppDelegate.m; sourceTree = "<group>"; };
		5EAB8AB6187E73DF00B02953 /* Base */ = {isa = PBXFileReference; lastKnownFileType = file.storyboard; name = Base; path = Base.lproj/Main.storyboard; sourceTree = "<group>"; };
		5EAB8ABB187E73DF00B02953 /* Images.xcassets */ = {isa = PBXFileReference; lastKnownFileType = folder.assetcatalog; path = Images.xcassets; sourceTree = "<group>"; };
		5EAB8AC1187E73DF00B02953 /* BlinkItTests.xctest */ = {isa = PBXFileReference; explicitFileType = wrapper.cfbundle; includeInIndex = 0; path = BlinkItTests.xctest; sourceTree = BUILT_PRODUCTS_DIR; };
		5EAB8AC2187E73DF00B02953 /* XCTest.framework */ = {isa = PBXFileReference; lastKnownFileType = wrapper.framework; name = XCTest.framework; path = Library/Frameworks/XCTest.framework; sourceTree = DEVELOPER_DIR; };
		5EAB8ACA187E73DF00B02953 /* BlinkItTests-Info.plist */ = {isa = PBXFileReference; lastKnownFileType = text.plist.xml; path = "BlinkItTests-Info.plist"; sourceTree = "<group>"; };
		5EAB8ACC187E73DF00B02953 /* en */ = {isa = PBXFileReference; lastKnownFileType = text.plist.strings; name = en; path = en.lproj/InfoPlist.strings; sourceTree = "<group>"; };
		5EAB8ACE187E73DF00B02953 /* BlinkItTests.m */ = {isa = PBXFileReference; lastKnownFileType = sourcecode.c.objc; path = BlinkItTests.m; sourceTree = "<group>"; };
		5EAB8AD9187E7CFF00B02953 /* BILoginViewController.h */ = {isa = PBXFileReference; fileEncoding = 4; lastKnownFileType = sourcecode.c.h; name = BILoginViewController.h; path = PreSignedIn/BILoginViewController.h; sourceTree = "<group>"; };
		5EAB8ADA187E7CFF00B02953 /* BILoginViewController.m */ = {isa = PBXFileReference; fileEncoding = 4; lastKnownFileType = sourcecode.c.objc; name = BILoginViewController.m; path = PreSignedIn/BILoginViewController.m; sourceTree = "<group>"; };
		5EAB8ADF187E7D2600B02953 /* BISignUpViewController.h */ = {isa = PBXFileReference; fileEncoding = 4; lastKnownFileType = sourcecode.c.h; name = BISignUpViewController.h; path = PreSignedIn/BISignUpViewController.h; sourceTree = "<group>"; };
		5EAB8AE0187E7D2600B02953 /* BISignUpViewController.m */ = {isa = PBXFileReference; fileEncoding = 4; lastKnownFileType = sourcecode.c.objc; name = BISignUpViewController.m; path = PreSignedIn/BISignUpViewController.m; sourceTree = "<group>"; };
		5EAB8AE2187E7D3600B02953 /* BISplashViewController.h */ = {isa = PBXFileReference; fileEncoding = 4; lastKnownFileType = sourcecode.c.h; name = BISplashViewController.h; path = PreSignedIn/BISplashViewController.h; sourceTree = "<group>"; };
		5EAB8AE3187E7D3600B02953 /* BISplashViewController.m */ = {isa = PBXFileReference; fileEncoding = 4; lastKnownFileType = sourcecode.c.objc; name = BISplashViewController.m; path = PreSignedIn/BISplashViewController.m; sourceTree = "<group>"; };
		5EAB8AFE187FC8A100B02953 /* Parse.framework */ = {isa = PBXFileReference; lastKnownFileType = wrapper.framework; path = Parse.framework; sourceTree = "<group>"; };
		5EAB8B00187FC8BA00B02953 /* AudioToolbox.framework */ = {isa = PBXFileReference; lastKnownFileType = wrapper.framework; name = AudioToolbox.framework; path = System/Library/Frameworks/AudioToolbox.framework; sourceTree = SDKROOT; };
		5EAB8B02187FC8BF00B02953 /* CFNetwork.framework */ = {isa = PBXFileReference; lastKnownFileType = wrapper.framework; name = CFNetwork.framework; path = System/Library/Frameworks/CFNetwork.framework; sourceTree = SDKROOT; };
		5EAB8B04187FC8C600B02953 /* CoreLocation.framework */ = {isa = PBXFileReference; lastKnownFileType = wrapper.framework; name = CoreLocation.framework; path = System/Library/Frameworks/CoreLocation.framework; sourceTree = SDKROOT; };
		5EAB8B06187FC8CD00B02953 /* libz.1.1.3.dylib */ = {isa = PBXFileReference; lastKnownFileType = "compiled.mach-o.dylib"; name = libz.1.1.3.dylib; path = usr/lib/libz.1.1.3.dylib; sourceTree = SDKROOT; };
		5EAB8B08187FC90000B02953 /* MobileCoreServices.framework */ = {isa = PBXFileReference; lastKnownFileType = wrapper.framework; name = MobileCoreServices.framework; path = System/Library/Frameworks/MobileCoreServices.framework; sourceTree = SDKROOT; };
		5EAB8B0A187FC90500B02953 /* QuartzCore.framework */ = {isa = PBXFileReference; lastKnownFileType = wrapper.framework; name = QuartzCore.framework; path = System/Library/Frameworks/QuartzCore.framework; sourceTree = SDKROOT; };
		5EAB8B0C187FC90A00B02953 /* Security.framework */ = {isa = PBXFileReference; lastKnownFileType = wrapper.framework; name = Security.framework; path = System/Library/Frameworks/Security.framework; sourceTree = SDKROOT; };
		5EAB8B0E187FC90F00B02953 /* SystemConfiguration.framework */ = {isa = PBXFileReference; lastKnownFileType = wrapper.framework; name = SystemConfiguration.framework; path = System/Library/Frameworks/SystemConfiguration.framework; sourceTree = SDKROOT; };
		5EAB8B231880F3C600B02953 /* NSString+BlinkIt.h */ = {isa = PBXFileReference; fileEncoding = 4; lastKnownFileType = sourcecode.c.h; path = "NSString+BlinkIt.h"; sourceTree = "<group>"; };
		5EAB8B241880F3C600B02953 /* NSString+BlinkIt.m */ = {isa = PBXFileReference; fileEncoding = 4; lastKnownFileType = sourcecode.c.objc; path = "NSString+BlinkIt.m"; sourceTree = "<group>"; };
		5EAB8B271880F8AF00B02953 /* BIHomeViewController.h */ = {isa = PBXFileReference; fileEncoding = 4; lastKnownFileType = sourcecode.c.h; path = BIHomeViewController.h; sourceTree = "<group>"; };
		5EAB8B281880F8AF00B02953 /* BIHomeViewController.m */ = {isa = PBXFileReference; fileEncoding = 4; lastKnownFileType = sourcecode.c.objc; path = BIHomeViewController.m; sourceTree = "<group>"; };
		5EAB8B2A1881062A00B02953 /* UIStoryboard+BlinkIt.h */ = {isa = PBXFileReference; fileEncoding = 4; lastKnownFileType = sourcecode.c.h; path = "UIStoryboard+BlinkIt.h"; sourceTree = "<group>"; };
		5EAB8B2B1881062A00B02953 /* UIStoryboard+BlinkIt.m */ = {isa = PBXFileReference; fileEncoding = 4; lastKnownFileType = sourcecode.c.objc; path = "UIStoryboard+BlinkIt.m"; sourceTree = "<group>"; };
		5EAB8B2E188118E600B02953 /* BIHomeTableViewCell.h */ = {isa = PBXFileReference; fileEncoding = 4; lastKnownFileType = sourcecode.c.h; path = BIHomeTableViewCell.h; sourceTree = "<group>"; };
		5EAB8B2F188118E600B02953 /* BIHomeTableViewCell.m */ = {isa = PBXFileReference; fileEncoding = 4; lastKnownFileType = sourcecode.c.objc; path = BIHomeTableViewCell.m; sourceTree = "<group>"; };
		5EAB8B3118811E8600B02953 /* BITableViewController.h */ = {isa = PBXFileReference; fileEncoding = 4; lastKnownFileType = sourcecode.c.h; path = BITableViewController.h; sourceTree = "<group>"; };
		5EAB8B3218811E8600B02953 /* BITableViewController.m */ = {isa = PBXFileReference; fileEncoding = 4; lastKnownFileType = sourcecode.c.objc; path = BITableViewController.m; sourceTree = "<group>"; };
		5EAB8B391881300E00B02953 /* UIView+BlinkIt.h */ = {isa = PBXFileReference; fileEncoding = 4; lastKnownFileType = sourcecode.c.h; path = "UIView+BlinkIt.h"; sourceTree = "<group>"; };
		5EAB8B3A1881300E00B02953 /* UIView+BlinkIt.m */ = {isa = PBXFileReference; fileEncoding = 4; lastKnownFileType = sourcecode.c.objc; path = "UIView+BlinkIt.m"; sourceTree = "<group>"; };
		5EAB8B3C1881359D00B02953 /* UIColor+BlinkIt.h */ = {isa = PBXFileReference; fileEncoding = 4; lastKnownFileType = sourcecode.c.h; path = "UIColor+BlinkIt.h"; sourceTree = "<group>"; };
		5EAB8B3D1881359D00B02953 /* UIColor+BlinkIt.m */ = {isa = PBXFileReference; fileEncoding = 4; lastKnownFileType = sourcecode.c.objc; path = "UIColor+BlinkIt.m"; sourceTree = "<group>"; };
		5EAB8B441883211700B02953 /* NSDate+BlinkIt.h */ = {isa = PBXFileReference; fileEncoding = 4; lastKnownFileType = sourcecode.c.h; path = "NSDate+BlinkIt.h"; sourceTree = "<group>"; };
		5EAB8B451883211700B02953 /* NSDate+BlinkIt.m */ = {isa = PBXFileReference; fileEncoding = 4; lastKnownFileType = sourcecode.c.objc; path = "NSDate+BlinkIt.m"; sourceTree = "<group>"; };
		5EAB8B471883B5FA00B02953 /* BIPlaceholderTextView.h */ = {isa = PBXFileReference; fileEncoding = 4; lastKnownFileType = sourcecode.c.h; path = BIPlaceholderTextView.h; sourceTree = "<group>"; };
		5EAB8B481883B5FA00B02953 /* BIPlaceholderTextView.m */ = {isa = PBXFileReference; fileEncoding = 4; lastKnownFileType = sourcecode.c.objc; path = BIPlaceholderTextView.m; sourceTree = "<group>"; };
		5EB3A5BE1887A14100BCA8DB /* MBProgressHUD.h */ = {isa = PBXFileReference; fileEncoding = 4; lastKnownFileType = sourcecode.c.h; path = MBProgressHUD.h; sourceTree = "<group>"; };
		5EB3A5BF1887A14100BCA8DB /* MBProgressHUD.m */ = {isa = PBXFileReference; fileEncoding = 4; lastKnownFileType = sourcecode.c.objc; path = MBProgressHUD.m; sourceTree = "<group>"; };
		5EB3A5C11887A18F00BCA8DB /* BIViewController.h */ = {isa = PBXFileReference; fileEncoding = 4; lastKnownFileType = sourcecode.c.h; path = BIViewController.h; sourceTree = "<group>"; };
		5EB3A5C21887A18F00BCA8DB /* BIViewController.m */ = {isa = PBXFileReference; fileEncoding = 4; lastKnownFileType = sourcecode.c.objc; path = BIViewController.m; sourceTree = "<group>"; };
		5EB3A5C41887A2F300BCA8DB /* BIImageUploadManager.h */ = {isa = PBXFileReference; fileEncoding = 4; lastKnownFileType = sourcecode.c.h; path = BIImageUploadManager.h; sourceTree = "<group>"; };
		5EB3A5C51887A2F300BCA8DB /* BIImageUploadManager.m */ = {isa = PBXFileReference; fileEncoding = 4; lastKnownFileType = sourcecode.c.objc; path = BIImageUploadManager.m; sourceTree = "<group>"; };
		5EB8148519876FE5007B7502 /* BIMyBlinksBaseViewController.h */ = {isa = PBXFileReference; fileEncoding = 4; lastKnownFileType = sourcecode.c.h; path = BIMyBlinksBaseViewController.h; sourceTree = "<group>"; };
		5EB8148619876FE5007B7502 /* BIMyBlinksBaseViewController.m */ = {isa = PBXFileReference; fileEncoding = 4; lastKnownFileType = sourcecode.c.objc; path = BIMyBlinksBaseViewController.m; sourceTree = "<group>"; };
		5EB8148819877AB3007B7502 /* BIFlashbackMainViewController.swift */ = {isa = PBXFileReference; fileEncoding = 4; lastKnownFileType = sourcecode.swift; path = BIFlashbackMainViewController.swift; sourceTree = "<group>"; };
		5EC8DAB61985B628000ED81C /* BIFlashbackViewController.swift */ = {isa = PBXFileReference; fileEncoding = 4; lastKnownFileType = sourcecode.swift; path = BIFlashbackViewController.swift; sourceTree = "<group>"; };
		5EDCB5BE1995FE3B00ACE1DF /* BIFeedBaseViewController.h */ = {isa = PBXFileReference; fileEncoding = 4; lastKnownFileType = sourcecode.c.h; path = BIFeedBaseViewController.h; sourceTree = "<group>"; };
		5EDCB5BF1995FE3B00ACE1DF /* BIFeedBaseViewController.m */ = {isa = PBXFileReference; fileEncoding = 4; lastKnownFileType = sourcecode.c.objc; path = BIFeedBaseViewController.m; sourceTree = "<group>"; };
/* End PBXFileReference section */

/* Begin PBXFrameworksBuildPhase section */
		5EAB8A9D187E73DF00B02953 /* Frameworks */ = {
			isa = PBXFrameworksBuildPhase;
			buildActionMask = 2147483647;
			files = (
				5EFAA845199887CF00AEF2B1 /* Foundation.framework in Frameworks */,
				5E72976D18A9F32A008D356C /* CoreTelephony.framework in Frameworks */,
				5E72976B18A9F31C008D356C /* Accelerate.framework in Frameworks */,
				5E72976918A9F312008D356C /* AdSupport.framework in Frameworks */,
				5E79D006189A372000529EBE /* StoreKit.framework in Frameworks */,
				5EAB8B0F187FC90F00B02953 /* SystemConfiguration.framework in Frameworks */,
				5EAB8B0D187FC90A00B02953 /* Security.framework in Frameworks */,
				5EAB8B0B187FC90500B02953 /* QuartzCore.framework in Frameworks */,
				5EAB8B09187FC90000B02953 /* MobileCoreServices.framework in Frameworks */,
				5EAB8B07187FC8CD00B02953 /* libz.1.1.3.dylib in Frameworks */,
				5EAB8B05187FC8C600B02953 /* CoreLocation.framework in Frameworks */,
				5E9D037218AB2FD900634EB9 /* Crashlytics.framework in Frameworks */,
				5EAB8B03187FC8BF00B02953 /* CFNetwork.framework in Frameworks */,
				5EAB8B01187FC8BA00B02953 /* AudioToolbox.framework in Frameworks */,
				5E79D004189A363600529EBE /* FacebookSDK.framework in Frameworks */,
				5EAB8AA6187E73DF00B02953 /* CoreGraphics.framework in Frameworks */,
				5EAB8AA8187E73DF00B02953 /* UIKit.framework in Frameworks */,
				5EAB8AFF187FC8A100B02953 /* Parse.framework in Frameworks */,
			);
			runOnlyForDeploymentPostprocessing = 0;
		};
		5EAB8ABE187E73DF00B02953 /* Frameworks */ = {
			isa = PBXFrameworksBuildPhase;
			buildActionMask = 2147483647;
			files = (
				5EAB8AC3187E73DF00B02953 /* XCTest.framework in Frameworks */,
				5EAB8AC5187E73DF00B02953 /* UIKit.framework in Frameworks */,
				5EAB8AC4187E73DF00B02953 /* Foundation.framework in Frameworks */,
			);
			runOnlyForDeploymentPostprocessing = 0;
		};
/* End PBXFrameworksBuildPhase section */

/* Begin PBXGroup section */
		5E03C73D197F64FF00726522 /* UIImageModeScaleAspect */ = {
			isa = PBXGroup;
			children = (
				5E03C73E197F651B00726522 /* UIImageViewModeScaleAspect.h */,
				5E03C73F197F651B00726522 /* UIImageViewModeScaleAspect.m */,
			);
			name = UIImageModeScaleAspect;
			sourceTree = "<group>";
		};
		5E42D3F0189CA00500F651E0 /* Feed */ = {
			isa = PBXGroup;
			children = (
				5E42D3ED189C9FFD00F651E0 /* BIFeedViewController.h */,
				5E42D3EE189C9FFD00F651E0 /* BIFeedViewController.m */,
				5E3420D718A4B3CD0088A270 /* BIFeedTableViewCell.h */,
				5E3420D818A4B3CD0088A270 /* BIFeedTableViewCell.m */,
				5E3420E818A5E5950088A270 /* BIFeedPhotoTableViewCell.h */,
				5E3420E918A5E5950088A270 /* BIFeedPhotoTableViewCell.m */,
				5E9D037918AB3D2000634EB9 /* BIFeedTableViewCell.xib */,
				5E9D037B18AB3D2B00634EB9 /* BIFeedPhotoTableViewCell.xib */,
				5EDCB5BE1995FE3B00ACE1DF /* BIFeedBaseViewController.h */,
				5EDCB5BF1995FE3B00ACE1DF /* BIFeedBaseViewController.m */,
			);
			name = Feed;
			sourceTree = "<group>";
		};
		5E42D3F1189CA3F300F651E0 /* Follow */ = {
			isa = PBXGroup;
			children = (
				5E42D405189CDB6100F651E0 /* Helper */,
				5E42D401189CB7B100F651E0 /* Cells */,
				5E42D3F2189CA40800F651E0 /* BIFollowViewController.h */,
				5E42D3F3189CA40800F651E0 /* BIFollowViewController.m */,
				5E42D3F5189CA77200F651E0 /* BIFollowingViewController.h */,
				5E42D3F6189CA77200F651E0 /* BIFollowingViewController.m */,
				5E42D3F8189CA77C00F651E0 /* BIFollowersViewController.h */,
				5E42D3F9189CA77C00F651E0 /* BIFollowersViewController.m */,
			);
			name = Follow;
			sourceTree = "<group>";
		};
		5E42D401189CB7B100F651E0 /* Cells */ = {
			isa = PBXGroup;
			children = (
				5E42D402189CB7C300F651E0 /* BIFollowingTableViewCell.h */,
				5E42D403189CB7C300F651E0 /* BIFollowingTableViewCell.m */,
				5E3420D418A488240088A270 /* BINoFollowResultsTableViewCell.h */,
				5E3420D518A488240088A270 /* BINoFollowResultsTableViewCell.m */,
				5E3420EE18A8B47C0088A270 /* BIPendingRequestTableViewCell.h */,
				5E3420EF18A8B47C0088A270 /* BIPendingRequestTableViewCell.m */,
				5E08086C18CEC8780073EE49 /* BIFollowerTableViewCell.h */,
				5E08086D18CEC8780073EE49 /* BIFollowerTableViewCell.m */,
			);
			name = Cells;
			sourceTree = "<group>";
		};
		5E42D405189CDB6100F651E0 /* Helper */ = {
			isa = PBXGroup;
			children = (
				5E42D406189CDB7200F651E0 /* BIFollowManager.h */,
				5E42D407189CDB7200F651E0 /* BIFollowManager.m */,
				5E6F4B5C18A9E9B7006289D0 /* BIMixpanelHelper.h */,
				5E6F4B5D18A9E9B7006289D0 /* BIMixpanelHelper.m */,
				5E9D037618AB30F800634EB9 /* BICrashlyticsHelper.h */,
				5E9D037718AB30F800634EB9 /* BICrashlyticsHelper.m */,
			);
			name = Helper;
			sourceTree = "<group>";
		};
		5E63926D1888EA7E00D1AE80 /* Photo Viewer */ = {
			isa = PBXGroup;
			children = (
				5E63926E1888EA9800D1AE80 /* BIPhotoViewController.h */,
				5E63926F1888EA9800D1AE80 /* BIPhotoViewController.m */,
				5E6392711888F09600D1AE80 /* BIPhotoViewController.xib */,
			);
			name = "Photo Viewer";
			sourceTree = "<group>";
		};
		5E63928E188BA51E00D1AE80 /* Settings */ = {
			isa = PBXGroup;
			children = (
				5E63928F188BA52F00D1AE80 /* BISettingsViewController.h */,
				5E639290188BA52F00D1AE80 /* BISettingsViewController.m */,
				5E79D007189A45AE00529EBE /* BIFacebookUserManager.h */,
				5E79D008189A45AE00529EBE /* BIFacebookUserManager.m */,
				5E55D4E718BDC92000FE5168 /* BIReminderTimeViewController.h */,
				5E55D4E818BDC92000FE5168 /* BIReminderTimeViewController.m */,
			);
			name = Settings;
			sourceTree = "<group>";
		};
		5E6F4B5818A9E8C4006289D0 /* Vendor */ = {
			isa = PBXGroup;
			children = (
				5E03C73D197F64FF00726522 /* UIImageModeScaleAspect */,
			);
			name = Vendor;
			sourceTree = "<group>";
		};
		5E7297AF18A9F458008D356C /* MBProgressHUD */ = {
			isa = PBXGroup;
			children = (
				5EB3A5BE1887A14100BCA8DB /* MBProgressHUD.h */,
				5EB3A5BF1887A14100BCA8DB /* MBProgressHUD.m */,
			);
			name = MBProgressHUD;
			sourceTree = "<group>";
		};
		5E7297B018A9F463008D356C /* Mixpanel */ = {
			isa = PBXGroup;
			children = (
				5E7297CE18AA23C9008D356C /* MPNotification.storyboard */,
				5E7297CF18AA23C9008D356C /* MPSurvey.storyboard */,
				5E7297D018AA23C9008D356C /* MPSurveyNavigationController.h */,
				5E7297D118AA23C9008D356C /* MPSurveyNavigationController.m */,
				5E7297D218AA23C9008D356C /* MPSurveyQuestion.h */,
				5E7297D318AA23C9008D356C /* MPSurveyQuestion.m */,
				5E7297D418AA23C9008D356C /* MPSurveyQuestionViewController.h */,
				5E7297BD18AA23A0008D356C /* MPSurveyQuestionViewController.m */,
				5E7297BE18AA23A0008D356C /* NSData+MPBase64.h */,
				5E7297BF18AA23A0008D356C /* NSData+MPBase64.m */,
				5E7297C018AA23A0008D356C /* UIColor+MPColor.h */,
				5E7297C118AA23A0008D356C /* UIColor+MPColor.m */,
				5E7297C218AA23A0008D356C /* UIImage+MPAverageColor.h */,
				5E7297C318AA23A0008D356C /* UIImage+MPAverageColor.m */,
				5E7297C418AA23A0008D356C /* UIImage+MPImageEffects.h */,
				5E7297C518AA23A0008D356C /* UIImage+MPImageEffects.m */,
				5E7297C618AA23A0008D356C /* UIView+MPSnapshotImage.h */,
				5E7297C718AA23A0008D356C /* UIView+MPSnapshotImage.m */,
				5E7297BA18AA237C008D356C /* MPSurvey.h */,
				5E7297BB18AA237C008D356C /* MPSurvey.m */,
				5E7297B718AA2364008D356C /* MPNotificationViewController.h */,
				5E7297B818AA2364008D356C /* MPNotificationViewController.m */,
				5E7297B418AA2357008D356C /* MPNotification.h */,
				5E7297B518AA2357008D356C /* MPNotification.m */,
				5E7297B118A9F472008D356C /* Mixpanel.h */,
				5E7297B218A9F472008D356C /* Mixpanel.m */,
			);
			name = Mixpanel;
			sourceTree = "<group>";
		};
		5E99D19C18B324C900862462 /* Compose */ = {
			isa = PBXGroup;
			children = (
				5E99D19D18B324DB00862462 /* BIComposeBlinkViewController.h */,
				5E99D19E18B324DB00862462 /* BIComposeBlinkViewController.m */,
			);
			name = Compose;
			sourceTree = "<group>";
		};
		5E99D1A318B38D2000862462 /* Delete */ = {
			isa = PBXGroup;
			children = (
				5E99D1A018B38D1A00862462 /* BIDeleteBlinkHelper.h */,
				5E99D1A118B38D1A00862462 /* BIDeleteBlinkHelper.m */,
			);
			name = Delete;
			sourceTree = "<group>";
		};
		5E99D1A718B4527D00862462 /* Profiles */ = {
			isa = PBXGroup;
			children = (
				5E99D1A818B452BD00862462 /* BIProfileViewController.h */,
				5E99D1A918B452BD00862462 /* BIProfileViewController.m */,
			);
			name = Profiles;
			sourceTree = "<group>";
		};
		5E9D038118AB6C5200634EB9 /* Notifications */ = {
			isa = PBXGroup;
			children = (
				5E9D038618AB724000634EB9 /* BINotificationsViewController.h */,
				5E9D038718AB724000634EB9 /* BINotificationsViewController.m */,
				5E9D038918AB736C00634EB9 /* BINotificationFollowRequestCell.h */,
				5E9D038A18AB736C00634EB9 /* BINotificationFollowRequestCell.m */,
				5E9D038C18AB87E600634EB9 /* BINotificationHelper.h */,
				5E9D038D18AB87E600634EB9 /* BINotificationHelper.m */,
			);
			name = Notifications;
			sourceTree = "<group>";
		};
		5EAB8A97187E73DF00B02953 = {
			isa = PBXGroup;
			children = (
				5EAB8AA9187E73DF00B02953 /* BlinkIt */,
				5EAB8AC8187E73DF00B02953 /* BlinkItTests */,
				5EAB8AA2187E73DF00B02953 /* Frameworks */,
				5EAB8AA1187E73DF00B02953 /* Products */,
			);
			sourceTree = "<group>";
		};
		5EAB8AA1187E73DF00B02953 /* Products */ = {
			isa = PBXGroup;
			children = (
				5EAB8AA0187E73DF00B02953 /* BlinkIt.app */,
				5EAB8AC1187E73DF00B02953 /* BlinkItTests.xctest */,
			);
			name = Products;
			sourceTree = "<group>";
		};
		5EAB8AA2187E73DF00B02953 /* Frameworks */ = {
			isa = PBXGroup;
			children = (
				5E9D037118AB2FD900634EB9 /* Crashlytics.framework */,
				5E72976C18A9F32A008D356C /* CoreTelephony.framework */,
				5E72976A18A9F31C008D356C /* Accelerate.framework */,
				5E72976818A9F312008D356C /* AdSupport.framework */,
				5E79D005189A372000529EBE /* StoreKit.framework */,
				5E79D003189A363600529EBE /* FacebookSDK.framework */,
				5EAB8B0E187FC90F00B02953 /* SystemConfiguration.framework */,
				5EAB8B0C187FC90A00B02953 /* Security.framework */,
				5EAB8B0A187FC90500B02953 /* QuartzCore.framework */,
				5EAB8B08187FC90000B02953 /* MobileCoreServices.framework */,
				5EAB8B06187FC8CD00B02953 /* libz.1.1.3.dylib */,
				5EAB8B04187FC8C600B02953 /* CoreLocation.framework */,
				5EAB8B02187FC8BF00B02953 /* CFNetwork.framework */,
				5EAB8B00187FC8BA00B02953 /* AudioToolbox.framework */,
				5EAB8AFE187FC8A100B02953 /* Parse.framework */,
				5EAB8AA3187E73DF00B02953 /* Foundation.framework */,
				5EAB8AA5187E73DF00B02953 /* CoreGraphics.framework */,
				5EAB8AA7187E73DF00B02953 /* UIKit.framework */,
				5EAB8AC2187E73DF00B02953 /* XCTest.framework */,
			);
			name = Frameworks;
			sourceTree = "<group>";
		};
		5EAB8AA9187E73DF00B02953 /* BlinkIt */ = {
			isa = PBXGroup;
			children = (
				5E03C741197F654F00726522 /* BlinkIt-Bridging-Header.h */,
				5EC8DAB51985B60F000ED81C /* Flashback */,
				5E99D1A718B4527D00862462 /* Profiles */,
				5E99D1A318B38D2000862462 /* Delete */,
				5E99D19C18B324C900862462 /* Compose */,
				5E9D038118AB6C5200634EB9 /* Notifications */,
				5E42D3F1189CA3F300F651E0 /* Follow */,
				5E42D3F0189CA00500F651E0 /* Feed */,
				5E63928E188BA51E00D1AE80 /* Settings */,
				5E63926D1888EA7E00D1AE80 /* Photo Viewer */,
				5EB3A5BD1887A10900BCA8DB /* Vendor */,
				5EAB8B3418811E8C00B02953 /* Common */,
				5EAB8B2D1881077100B02953 /* Main */,
				5EAB8B261880F89900B02953 /* Home */,
				5EAB8B221880F3B500B02953 /* Categories */,
				5EAB8AD8187E7CC300B02953 /* Pre Signed In */,
				5EAB8ABB187E73DF00B02953 /* Images.xcassets */,
				5EAB8AAA187E73DF00B02953 /* Supporting Files */,
			);
			path = BlinkIt;
			sourceTree = "<group>";
		};
		5EAB8AAA187E73DF00B02953 /* Supporting Files */ = {
			isa = PBXGroup;
			children = (
				5E6F4B5818A9E8C4006289D0 /* Vendor */,
				5EAB8AAB187E73DF00B02953 /* BlinkIt-Info.plist */,
				5EAB8AAC187E73DF00B02953 /* InfoPlist.strings */,
				5EAB8AAF187E73DF00B02953 /* main.m */,
				5EAB8AB1187E73DF00B02953 /* BlinkIt-Prefix.pch */,
			);
			name = "Supporting Files";
			sourceTree = "<group>";
		};
		5EAB8AC8187E73DF00B02953 /* BlinkItTests */ = {
			isa = PBXGroup;
			children = (
				5EAB8ACE187E73DF00B02953 /* BlinkItTests.m */,
				5EAB8AC9187E73DF00B02953 /* Supporting Files */,
			);
			path = BlinkItTests;
			sourceTree = "<group>";
		};
		5EAB8AC9187E73DF00B02953 /* Supporting Files */ = {
			isa = PBXGroup;
			children = (
				5EAB8ACA187E73DF00B02953 /* BlinkItTests-Info.plist */,
				5EAB8ACB187E73DF00B02953 /* InfoPlist.strings */,
			);
			name = "Supporting Files";
			sourceTree = "<group>";
		};
		5EAB8AD8187E7CC300B02953 /* Pre Signed In */ = {
			isa = PBXGroup;
			children = (
				5EAB8AE2187E7D3600B02953 /* BISplashViewController.h */,
				5EAB8AE3187E7D3600B02953 /* BISplashViewController.m */,
				5EAB8ADF187E7D2600B02953 /* BISignUpViewController.h */,
				5EAB8AE0187E7D2600B02953 /* BISignUpViewController.m */,
				5EAB8AD9187E7CFF00B02953 /* BILoginViewController.h */,
				5EAB8ADA187E7CFF00B02953 /* BILoginViewController.m */,
			);
			name = "Pre Signed In";
			sourceTree = "<group>";
		};
		5EAB8B221880F3B500B02953 /* Categories */ = {
			isa = PBXGroup;
			children = (
				5EAB8B231880F3C600B02953 /* NSString+BlinkIt.h */,
				5EAB8B241880F3C600B02953 /* NSString+BlinkIt.m */,
				5EAB8B2A1881062A00B02953 /* UIStoryboard+BlinkIt.h */,
				5EAB8B2B1881062A00B02953 /* UIStoryboard+BlinkIt.m */,
				5EAB8B391881300E00B02953 /* UIView+BlinkIt.h */,
				5EAB8B3A1881300E00B02953 /* UIView+BlinkIt.m */,
				5EAB8B3C1881359D00B02953 /* UIColor+BlinkIt.h */,
				5EAB8B3D1881359D00B02953 /* UIColor+BlinkIt.m */,
				5EAB8B441883211700B02953 /* NSDate+BlinkIt.h */,
				5EAB8B451883211700B02953 /* NSDate+BlinkIt.m */,
				5E16ED1F18BB2D7400621CAE /* NSArray+BlinkIt.h */,
				5E16ED2018BB2D7400621CAE /* NSArray+BlinkIt.m */,
			);
			name = Categories;
			sourceTree = "<group>";
		};
		5EAB8B261880F89900B02953 /* Home */ = {
			isa = PBXGroup;
			children = (
				5EAB8B271880F8AF00B02953 /* BIHomeViewController.h */,
				5EAB8B281880F8AF00B02953 /* BIHomeViewController.m */,
				5EAB8B2E188118E600B02953 /* BIHomeTableViewCell.h */,
				5EAB8B2F188118E600B02953 /* BIHomeTableViewCell.m */,
				5E6392791889227F00D1AE80 /* BIHomePhotoTableViewCell.h */,
				5E63927A1889227F00D1AE80 /* BIHomePhotoTableViewCell.m */,
				5E9D037D18AB3DFA00634EB9 /* BIHomeTableViewCell.xib */,
				5E9D037F18AB3E0600634EB9 /* BIHomePhotoTableViewCell.xib */,
				5E55D4EA18BDE0A100FE5168 /* BIHomeHeaderView.h */,
				5E55D4EB18BDE0A100FE5168 /* BIHomeHeaderView.m */,
				5E55D4EF18BDE0D300FE5168 /* BIHomeHeaderView.xib */,
			);
			name = Home;
			sourceTree = "<group>";
		};
		5EAB8B2D1881077100B02953 /* Main */ = {
			isa = PBXGroup;
			children = (
				5EAB8AB2187E73DF00B02953 /* BIAppDelegate.h */,
				5EAB8AB3187E73DF00B02953 /* BIAppDelegate.m */,
				5EAB8AB5187E73DF00B02953 /* Main.storyboard */,
				5E42D3FE189CAE3700F651E0 /* BIDataStore.h */,
				5E42D3FF189CAE3700F651E0 /* BIDataStore.m */,
				5E42D409189CDF3500F651E0 /* BIConstants.h */,
				5E42D40A189CDF3500F651E0 /* BIConstants.m */,
				5E9DF17C18AA348000FA69E5 /* BITabBarController.h */,
				5E9DF17D18AA348000FA69E5 /* BITabBarController.m */,
				5E55D4E418BDBA8A00FE5168 /* BIFileSystemImageCache.h */,
				5E55D4E518BDBA8A00FE5168 /* BIFileSystemImageCache.m */,
			);
			name = Main;
			sourceTree = "<group>";
		};
		5EAB8B3418811E8C00B02953 /* Common */ = {
			isa = PBXGroup;
			children = (
				5EAB8B3118811E8600B02953 /* BITableViewController.h */,
				5EAB8B3218811E8600B02953 /* BITableViewController.m */,
				5EAB8B471883B5FA00B02953 /* BIPlaceholderTextView.h */,
				5EAB8B481883B5FA00B02953 /* BIPlaceholderTextView.m */,
				5EB3A5C11887A18F00BCA8DB /* BIViewController.h */,
				5EB3A5C21887A18F00BCA8DB /* BIViewController.m */,
				5EB3A5C41887A2F300BCA8DB /* BIImageUploadManager.h */,
				5EB3A5C51887A2F300BCA8DB /* BIImageUploadManager.m */,
				5E639295188BB5CE00D1AE80 /* BIUserDefaultsKeys.h */,
				5E639296188BB5CE00D1AE80 /* BIUserDefaultsKeys.m */,
				5E2F088A188F7B1400C633C7 /* BIPaginationTableViewCell.h */,
				5E2F088B188F7B1400C633C7 /* BIPaginationTableViewCell.m */,
				5E3420EB18A613490088A270 /* BIButton.h */,
				5E3420EC18A613490088A270 /* BIButton.m */,
				5E566F6D18C5BB8D00C52D06 /* BIWebViewController.h */,
				5E566F6E18C5BB8D00C52D06 /* BIWebViewController.m */,
				5E566F6F18C5BB8D00C52D06 /* BIWebViewController.xib */,
				5E03C742197F655000726522 /* BIExpandImageHelper.swift */,
				5E03C744197F6C7600726522 /* BIImageViewController.swift */,
				5E03C745197F6C7600726522 /* BIImageViewController.xib */,
				5EB8148519876FE5007B7502 /* BIMyBlinksBaseViewController.h */,
				5EB8148619876FE5007B7502 /* BIMyBlinksBaseViewController.m */,
			);
			name = Common;
			sourceTree = "<group>";
		};
		5EB3A5BD1887A10900BCA8DB /* Vendor */ = {
			isa = PBXGroup;
			children = (
				5E7297B018A9F463008D356C /* Mixpanel */,
				5E7297AF18A9F458008D356C /* MBProgressHUD */,
			);
			name = Vendor;
			sourceTree = "<group>";
		};
		5EC8DAB51985B60F000ED81C /* Flashback */ = {
			isa = PBXGroup;
			children = (
				5EC8DAB61985B628000ED81C /* BIFlashbackViewController.swift */,
				5EB8148819877AB3007B7502 /* BIFlashbackMainViewController.swift */,
				5E4EAEA719984743003E31B7 /* BIFlashbackFeedViewController.h */,
				5E4EAEA819984743003E31B7 /* BIFlashbackFeedViewController.m */,
			);
			name = Flashback;
			sourceTree = "<group>";
		};
/* End PBXGroup section */

/* Begin PBXNativeTarget section */
		5EAB8A9F187E73DF00B02953 /* BlinkIt */ = {
			isa = PBXNativeTarget;
			buildConfigurationList = 5EAB8AD2187E73DF00B02953 /* Build configuration list for PBXNativeTarget "BlinkIt" */;
			buildPhases = (
				5EAB8A9C187E73DF00B02953 /* Sources */,
				5EAB8A9D187E73DF00B02953 /* Frameworks */,
				5EAB8A9E187E73DF00B02953 /* Resources */,
				5E9D037018AB2FB500634EB9 /* ShellScript */,
			);
			buildRules = (
			);
			dependencies = (
			);
			name = BlinkIt;
			productName = BlinkIt;
			productReference = 5EAB8AA0187E73DF00B02953 /* BlinkIt.app */;
			productType = "com.apple.product-type.application";
		};
		5EAB8AC0187E73DF00B02953 /* BlinkItTests */ = {
			isa = PBXNativeTarget;
			buildConfigurationList = 5EAB8AD5187E73DF00B02953 /* Build configuration list for PBXNativeTarget "BlinkItTests" */;
			buildPhases = (
				5EAB8ABD187E73DF00B02953 /* Sources */,
				5EAB8ABE187E73DF00B02953 /* Frameworks */,
				5EAB8ABF187E73DF00B02953 /* Resources */,
			);
			buildRules = (
			);
			dependencies = (
				5EAB8AC7187E73DF00B02953 /* PBXTargetDependency */,
			);
			name = BlinkItTests;
			productName = BlinkItTests;
			productReference = 5EAB8AC1187E73DF00B02953 /* BlinkItTests.xctest */;
			productType = "com.apple.product-type.bundle.unit-test";
		};
/* End PBXNativeTarget section */

/* Begin PBXProject section */
		5EAB8A98187E73DF00B02953 /* Project object */ = {
			isa = PBXProject;
			attributes = {
				CLASSPREFIX = BI;
				LastUpgradeCheck = 0500;
				ORGANIZATIONNAME = hsiao;
				TargetAttributes = {
					5EAB8A9F187E73DF00B02953 = {
						DevelopmentTeam = FA32RL3GUZ;
						SystemCapabilities = {
							com.apple.BackgroundModes = {
								enabled = 1;
							};
						};
					};
					5EAB8AC0187E73DF00B02953 = {
						TestTargetID = 5EAB8A9F187E73DF00B02953;
					};
				};
			};
			buildConfigurationList = 5EAB8A9B187E73DF00B02953 /* Build configuration list for PBXProject "BlinkIt" */;
			compatibilityVersion = "Xcode 3.2";
			developmentRegion = English;
			hasScannedForEncodings = 0;
			knownRegions = (
				en,
				Base,
			);
			mainGroup = 5EAB8A97187E73DF00B02953;
			productRefGroup = 5EAB8AA1187E73DF00B02953 /* Products */;
			projectDirPath = "";
			projectRoot = "";
			targets = (
				5EAB8A9F187E73DF00B02953 /* BlinkIt */,
				5EAB8AC0187E73DF00B02953 /* BlinkItTests */,
			);
		};
/* End PBXProject section */

/* Begin PBXResourcesBuildPhase section */
		5EAB8A9E187E73DF00B02953 /* Resources */ = {
			isa = PBXResourcesBuildPhase;
			buildActionMask = 2147483647;
			files = (
				5E9D037C18AB3D2B00634EB9 /* BIFeedPhotoTableViewCell.xib in Resources */,
				5E03C747197F6C7600726522 /* BIImageViewController.xib in Resources */,
				5E9D038018AB3E0600634EB9 /* BIHomePhotoTableViewCell.xib in Resources */,
				5E9D037E18AB3DFA00634EB9 /* BIHomeTableViewCell.xib in Resources */,
				5EAB8ABC187E73DF00B02953 /* Images.xcassets in Resources */,
				5E566F7118C5BB8D00C52D06 /* BIWebViewController.xib in Resources */,
				5E55D4F018BDE0D300FE5168 /* BIHomeHeaderView.xib in Resources */,
				5E6392721888F09600D1AE80 /* BIPhotoViewController.xib in Resources */,
				5E9D037A18AB3D2000634EB9 /* BIFeedTableViewCell.xib in Resources */,
				5E7297D518AA23C9008D356C /* MPNotification.storyboard in Resources */,
				5EAB8AAE187E73DF00B02953 /* InfoPlist.strings in Resources */,
				5E7297D618AA23C9008D356C /* MPSurvey.storyboard in Resources */,
				5EAB8AB7187E73DF00B02953 /* Main.storyboard in Resources */,
			);
			runOnlyForDeploymentPostprocessing = 0;
		};
		5EAB8ABF187E73DF00B02953 /* Resources */ = {
			isa = PBXResourcesBuildPhase;
			buildActionMask = 2147483647;
			files = (
				5EAB8ACD187E73DF00B02953 /* InfoPlist.strings in Resources */,
			);
			runOnlyForDeploymentPostprocessing = 0;
		};
/* End PBXResourcesBuildPhase section */

/* Begin PBXShellScriptBuildPhase section */
		5E9D037018AB2FB500634EB9 /* ShellScript */ = {
			isa = PBXShellScriptBuildPhase;
			buildActionMask = 2147483647;
			files = (
			);
			inputPaths = (
			);
			outputPaths = (
			);
			runOnlyForDeploymentPostprocessing = 0;
			shellPath = /bin/sh;
			shellScript = "./Crashlytics.framework/run 639c04cf03ff76c8b837221e8d6882adef379e3e 86cd1d25c91cdbdd629eb95bd07c64fcd2c204b542d7945923a580ff0ed3016b";
		};
/* End PBXShellScriptBuildPhase section */

/* Begin PBXSourcesBuildPhase section */
		5EAB8A9C187E73DF00B02953 /* Sources */ = {
			isa = PBXSourcesBuildPhase;
			buildActionMask = 2147483647;
			files = (
				5EAB8B491883B5FA00B02953 /* BIPlaceholderTextView.m in Sources */,
				5E99D19F18B324DB00862462 /* BIComposeBlinkViewController.m in Sources */,
				5EDCB5C01995FE3B00ACE1DF /* BIFeedBaseViewController.m in Sources */,
				5E566F7018C5BB8D00C52D06 /* BIWebViewController.m in Sources */,
				5E03C746197F6C7600726522 /* BIImageViewController.swift in Sources */,
				5EAB8B3B1881300E00B02953 /* UIView+BlinkIt.m in Sources */,
				5E9D038818AB724000634EB9 /* BINotificationsViewController.m in Sources */,
				5E2F088C188F7B1400C633C7 /* BIPaginationTableViewCell.m in Sources */,
				5EB8148719876FE5007B7502 /* BIMyBlinksBaseViewController.m in Sources */,
				5E99D1AA18B452BD00862462 /* BIProfileViewController.m in Sources */,
				5E3420D618A488240088A270 /* BINoFollowResultsTableViewCell.m in Sources */,
				5E63927B1889227F00D1AE80 /* BIHomePhotoTableViewCell.m in Sources */,
				5E639297188BB5CE00D1AE80 /* BIUserDefaultsKeys.m in Sources */,
				5E7297BC18AA237C008D356C /* MPSurvey.m in Sources */,
				5E7297CD18AA23A0008D356C /* UIView+MPSnapshotImage.m in Sources */,
				5E4EAEA919984743003E31B7 /* BIFlashbackFeedViewController.m in Sources */,
				5E9DF17E18AA348000FA69E5 /* BITabBarController.m in Sources */,
				5E7297D718AA23C9008D356C /* MPSurveyNavigationController.m in Sources */,
				5E42D3FA189CA77C00F651E0 /* BIFollowersViewController.m in Sources */,
				5E7297D818AA23C9008D356C /* MPSurveyQuestion.m in Sources */,
				5EAB8B3318811E8600B02953 /* BITableViewController.m in Sources */,
				5E9D038E18AB87E600634EB9 /* BINotificationHelper.m in Sources */,
				5EB3A5C31887A18F00BCA8DB /* BIViewController.m in Sources */,
				5E9D038B18AB736C00634EB9 /* BINotificationFollowRequestCell.m in Sources */,
				5E55D4EC18BDE0A100FE5168 /* BIHomeHeaderView.m in Sources */,
				5E6F4B5E18A9E9B7006289D0 /* BIMixpanelHelper.m in Sources */,
				5E639291188BA52F00D1AE80 /* BISettingsViewController.m in Sources */,
				5E08086E18CEC8780073EE49 /* BIFollowerTableViewCell.m in Sources */,
				5E9D037818AB30F800634EB9 /* BICrashlyticsHelper.m in Sources */,
				5E99D1A218B38D1A00862462 /* BIDeleteBlinkHelper.m in Sources */,
				5EAB8B2C1881062A00B02953 /* UIStoryboard+BlinkIt.m in Sources */,
				5E55D4E918BDC92000FE5168 /* BIReminderTimeViewController.m in Sources */,
				5EAB8AE4187E7D3600B02953 /* BISplashViewController.m in Sources */,
				5E7297B318A9F472008D356C /* Mixpanel.m in Sources */,
				5E42D3EF189C9FFD00F651E0 /* BIFeedViewController.m in Sources */,
				5E3420F018A8B47C0088A270 /* BIPendingRequestTableViewCell.m in Sources */,
				5E03C740197F651B00726522 /* UIImageViewModeScaleAspect.m in Sources */,
				5EAB8AB0187E73DF00B02953 /* main.m in Sources */,
				5E7297CB18AA23A0008D356C /* UIImage+MPAverageColor.m in Sources */,
				5E7297C818AA23A0008D356C /* MPSurveyQuestionViewController.m in Sources */,
				5EAB8ADB187E7CFF00B02953 /* BILoginViewController.m in Sources */,
				5EC8DAB81985B628000ED81C /* BIFlashbackViewController.swift in Sources */,
				5EB3A5C01887A14100BCA8DB /* MBProgressHUD.m in Sources */,
				5E3420ED18A613490088A270 /* BIButton.m in Sources */,
				5EAB8B30188118E600B02953 /* BIHomeTableViewCell.m in Sources */,
				5EB8148919877AB3007B7502 /* BIFlashbackMainViewController.swift in Sources */,
				5E42D40B189CDF3500F651E0 /* BIConstants.m in Sources */,
				5E3420D918A4B3CD0088A270 /* BIFeedTableViewCell.m in Sources */,
				5E6392701888EA9800D1AE80 /* BIPhotoViewController.m in Sources */,
				5E03C743197F655000726522 /* BIExpandImageHelper.swift in Sources */,
				5E55D4E618BDBA8A00FE5168 /* BIFileSystemImageCache.m in Sources */,
				5E42D3F7189CA77200F651E0 /* BIFollowingViewController.m in Sources */,
				5E42D408189CDB7200F651E0 /* BIFollowManager.m in Sources */,
				5E7297CA18AA23A0008D356C /* UIColor+MPColor.m in Sources */,
				5EAB8B251880F3C600B02953 /* NSString+BlinkIt.m in Sources */,
				5E16ED2118BB2D7400621CAE /* NSArray+BlinkIt.m in Sources */,
				5E42D400189CAE3700F651E0 /* BIDataStore.m in Sources */,
				5EB3A5C61887A2F300BCA8DB /* BIImageUploadManager.m in Sources */,
				5E7297B918AA2364008D356C /* MPNotificationViewController.m in Sources */,
				5E7297C918AA23A0008D356C /* NSData+MPBase64.m in Sources */,
				5E42D3F4189CA40800F651E0 /* BIFollowViewController.m in Sources */,
				5E3420EA18A5E5950088A270 /* BIFeedPhotoTableViewCell.m in Sources */,
				5E79D009189A45AE00529EBE /* BIFacebookUserManager.m in Sources */,
				5EAB8B461883211700B02953 /* NSDate+BlinkIt.m in Sources */,
				5EAB8AB4187E73DF00B02953 /* BIAppDelegate.m in Sources */,
				5E7297CC18AA23A0008D356C /* UIImage+MPImageEffects.m in Sources */,
				5E42D404189CB7C300F651E0 /* BIFollowingTableViewCell.m in Sources */,
				5EAB8B291880F8AF00B02953 /* BIHomeViewController.m in Sources */,
				5EAB8AE1187E7D2600B02953 /* BISignUpViewController.m in Sources */,
				5EAB8B3E1881359D00B02953 /* UIColor+BlinkIt.m in Sources */,
				5E7297B618AA2357008D356C /* MPNotification.m in Sources */,
			);
			runOnlyForDeploymentPostprocessing = 0;
		};
		5EAB8ABD187E73DF00B02953 /* Sources */ = {
			isa = PBXSourcesBuildPhase;
			buildActionMask = 2147483647;
			files = (
				5EAB8ACF187E73DF00B02953 /* BlinkItTests.m in Sources */,
			);
			runOnlyForDeploymentPostprocessing = 0;
		};
/* End PBXSourcesBuildPhase section */

/* Begin PBXTargetDependency section */
		5EAB8AC7187E73DF00B02953 /* PBXTargetDependency */ = {
			isa = PBXTargetDependency;
			target = 5EAB8A9F187E73DF00B02953 /* BlinkIt */;
			targetProxy = 5EAB8AC6187E73DF00B02953 /* PBXContainerItemProxy */;
		};
/* End PBXTargetDependency section */

/* Begin PBXVariantGroup section */
		5EAB8AAC187E73DF00B02953 /* InfoPlist.strings */ = {
			isa = PBXVariantGroup;
			children = (
				5EAB8AAD187E73DF00B02953 /* en */,
			);
			name = InfoPlist.strings;
			sourceTree = "<group>";
		};
		5EAB8AB5187E73DF00B02953 /* Main.storyboard */ = {
			isa = PBXVariantGroup;
			children = (
				5EAB8AB6187E73DF00B02953 /* Base */,
			);
			name = Main.storyboard;
			sourceTree = "<group>";
		};
		5EAB8ACB187E73DF00B02953 /* InfoPlist.strings */ = {
			isa = PBXVariantGroup;
			children = (
				5EAB8ACC187E73DF00B02953 /* en */,
			);
			name = InfoPlist.strings;
			sourceTree = "<group>";
		};
/* End PBXVariantGroup section */

/* Begin XCBuildConfiguration section */
		5EAB8AD0187E73DF00B02953 /* Debug */ = {
			isa = XCBuildConfiguration;
			buildSettings = {
				ALWAYS_SEARCH_USER_PATHS = NO;
				ARCHS = "$(ARCHS_STANDARD_INCLUDING_64_BIT)";
				CLANG_ALLOW_NON_MODULAR_INCLUDES_IN_FRAMEWORK_MODULES = NO;
				CLANG_CXX_LANGUAGE_STANDARD = "gnu++0x";
				CLANG_CXX_LIBRARY = "libc++";
				CLANG_ENABLE_MODULES = YES;
				CLANG_ENABLE_OBJC_ARC = YES;
				CLANG_WARN_BOOL_CONVERSION = YES;
				CLANG_WARN_CONSTANT_CONVERSION = YES;
				CLANG_WARN_DIRECT_OBJC_ISA_USAGE = YES_ERROR;
				CLANG_WARN_EMPTY_BODY = YES;
				CLANG_WARN_ENUM_CONVERSION = YES;
				CLANG_WARN_INT_CONVERSION = YES;
				CLANG_WARN_OBJC_ROOT_CLASS = YES_ERROR;
				CLANG_WARN__DUPLICATE_METHOD_MATCH = YES;
				CODE_SIGN_IDENTITY = "iPhone Developer: Kimberly Hsiao (89PY5FKKW7)";
				"CODE_SIGN_IDENTITY[sdk=iphoneos*]" = "iPhone Developer: Kimberly Hsiao (89PY5FKKW7)";
				COPY_PHASE_STRIP = NO;
				DEFINES_MODULE = YES;
				GCC_C_LANGUAGE_STANDARD = gnu99;
				GCC_DYNAMIC_NO_PIC = NO;
				GCC_OPTIMIZATION_LEVEL = 0;
				GCC_PREPROCESSOR_DEFINITIONS = (
					"DEBUG=1",
					"$(inherited)",
				);
				GCC_SYMBOLS_PRIVATE_EXTERN = NO;
				GCC_WARN_64_TO_32_BIT_CONVERSION = YES;
				GCC_WARN_ABOUT_RETURN_TYPE = YES_ERROR;
				GCC_WARN_UNDECLARED_SELECTOR = YES;
				GCC_WARN_UNINITIALIZED_AUTOS = YES;
				GCC_WARN_UNUSED_FUNCTION = YES;
				GCC_WARN_UNUSED_VARIABLE = YES;
				IPHONEOS_DEPLOYMENT_TARGET = 7.0;
				ONLY_ACTIVE_ARCH = YES;
				PRODUCT_MODULE_NAME = BlinkItModule;
				PROVISIONING_PROFILE = "B5056CED-7FF8-462D-8CD1-72C79796D06F";
				SDKROOT = iphoneos;
			};
			name = Debug;
		};
		5EAB8AD1187E73DF00B02953 /* Release */ = {
			isa = XCBuildConfiguration;
			buildSettings = {
				ALWAYS_SEARCH_USER_PATHS = NO;
				ARCHS = "$(ARCHS_STANDARD_INCLUDING_64_BIT)";
				CLANG_ALLOW_NON_MODULAR_INCLUDES_IN_FRAMEWORK_MODULES = NO;
				CLANG_CXX_LANGUAGE_STANDARD = "gnu++0x";
				CLANG_CXX_LIBRARY = "libc++";
				CLANG_ENABLE_MODULES = YES;
				CLANG_ENABLE_OBJC_ARC = YES;
				CLANG_WARN_BOOL_CONVERSION = YES;
				CLANG_WARN_CONSTANT_CONVERSION = YES;
				CLANG_WARN_DIRECT_OBJC_ISA_USAGE = YES_ERROR;
				CLANG_WARN_EMPTY_BODY = YES;
				CLANG_WARN_ENUM_CONVERSION = YES;
				CLANG_WARN_INT_CONVERSION = YES;
				CLANG_WARN_OBJC_ROOT_CLASS = YES_ERROR;
				CLANG_WARN__DUPLICATE_METHOD_MATCH = YES;
				CODE_SIGN_IDENTITY = "iPhone Distribution: Kimberly Hsiao (FA32RL3GUZ)";
				"CODE_SIGN_IDENTITY[sdk=iphoneos*]" = "iPhone Distribution: Kimberly Hsiao (FA32RL3GUZ)";
				COPY_PHASE_STRIP = YES;
				DEFINES_MODULE = YES;
				ENABLE_NS_ASSERTIONS = NO;
				GCC_C_LANGUAGE_STANDARD = gnu99;
				GCC_WARN_64_TO_32_BIT_CONVERSION = YES;
				GCC_WARN_ABOUT_RETURN_TYPE = YES_ERROR;
				GCC_WARN_UNDECLARED_SELECTOR = YES;
				GCC_WARN_UNINITIALIZED_AUTOS = YES;
				GCC_WARN_UNUSED_FUNCTION = YES;
				GCC_WARN_UNUSED_VARIABLE = YES;
				IPHONEOS_DEPLOYMENT_TARGET = 7.0;
				PRODUCT_MODULE_NAME = BlinkItModule;
				PROVISIONING_PROFILE = "CFDE3B7B-311A-4A42-9FF0-7C91738EFE63";
				SDKROOT = iphoneos;
				VALIDATE_PRODUCT = YES;
			};
			name = Release;
		};
		5EAB8AD3187E73DF00B02953 /* Debug */ = {
			isa = XCBuildConfiguration;
			buildSettings = {
				ASSETCATALOG_COMPILER_APPICON_NAME = "AppIcon-2";
				ASSETCATALOG_COMPILER_LAUNCHIMAGE_NAME = LaunchImage;
				CLANG_ALLOW_NON_MODULAR_INCLUDES_IN_FRAMEWORK_MODULES = NO;
				CLANG_ENABLE_MODULES = YES;
				CODE_SIGN_IDENTITY = "iPhone Developer: Kimberly Hsiao (89PY5FKKW7)";
				"CODE_SIGN_IDENTITY[sdk=iphoneos*]" = "iPhone Developer: Kimberly Hsiao (89PY5FKKW7)";
				DEFINES_MODULE = YES;
				FRAMEWORK_SEARCH_PATHS = (
					"$(inherited)",
					/Users/kimberlyhsiao/Developer/Portfolio/BlinkIt,
					/Users/kimberlyhsiao/Developer/FacebookSDK,
				);
				GCC_PRECOMPILE_PREFIX_HEADER = YES;
				GCC_PREFIX_HEADER = "BlinkIt/BlinkIt-Prefix.pch";
				GCC_PREPROCESSOR_DEFINITIONS = (
					"DEBUG=1",
					"$(inherited)",
					"MIXPANEL_LOG=1",
				);
				INFOPLIST_FILE = "BlinkIt/BlinkIt-Info.plist";
				LD_RUNPATH_SEARCH_PATHS = "$(inherited) @executable_path/Frameworks";
				OTHER_LDFLAGS = "-ObjC";
				PRODUCT_MODULE_NAME = BlinkItModule;
				PRODUCT_NAME = "$(TARGET_NAME)";
				PROVISIONING_PROFILE = "B5056CED-7FF8-462D-8CD1-72C79796D06F";
				SWIFT_OBJC_BRIDGING_HEADER = "BlinkIt/BlinkIt-Bridging-Header.h";
				SWIFT_OPTIMIZATION_LEVEL = "-Onone";
				WRAPPER_EXTENSION = app;
			};
			name = Debug;
		};
		5EAB8AD4187E73DF00B02953 /* Release */ = {
			isa = XCBuildConfiguration;
			buildSettings = {
				ASSETCATALOG_COMPILER_APPICON_NAME = "AppIcon-2";
				ASSETCATALOG_COMPILER_LAUNCHIMAGE_NAME = LaunchImage;
				CLANG_ALLOW_NON_MODULAR_INCLUDES_IN_FRAMEWORK_MODULES = NO;
				CLANG_ENABLE_MODULES = YES;
				CODE_SIGN_IDENTITY = "iPhone Distribution";
				"CODE_SIGN_IDENTITY[sdk=iphoneos*]" = "iPhone Distribution";
				DEFINES_MODULE = YES;
				FRAMEWORK_SEARCH_PATHS = (
					"$(inherited)",
					/Users/kimberlyhsiao/Developer/Portfolio/BlinkIt,
					/Users/kimberlyhsiao/Developer/FacebookSDK,
				);
				GCC_PRECOMPILE_PREFIX_HEADER = YES;
				GCC_PREFIX_HEADER = "BlinkIt/BlinkIt-Prefix.pch";
				INFOPLIST_FILE = "BlinkIt/BlinkIt-Info.plist";
				LD_RUNPATH_SEARCH_PATHS = "$(inherited) @executable_path/Frameworks";
				OTHER_LDFLAGS = "-ObjC";
				PRODUCT_MODULE_NAME = BlinkItModule;
				PRODUCT_NAME = "$(TARGET_NAME)";
				PROVISIONING_PROFILE = "CFDE3B7B-311A-4A42-9FF0-7C91738EFE63";
				SWIFT_OBJC_BRIDGING_HEADER = "BlinkIt/BlinkIt-Bridging-Header.h";
				WRAPPER_EXTENSION = app;
			};
			name = Release;
		};
		5EAB8AD6187E73DF00B02953 /* Debug */ = {
			isa = XCBuildConfiguration;
			buildSettings = {
				ARCHS = "$(ARCHS_STANDARD_INCLUDING_64_BIT)";
				BUNDLE_LOADER = "$(BUILT_PRODUCTS_DIR)/BlinkIt.app/BlinkIt";
				FRAMEWORK_SEARCH_PATHS = (
					"$(SDKROOT)/Developer/Library/Frameworks",
					"$(inherited)",
					"$(DEVELOPER_FRAMEWORKS_DIR)",
				);
				GCC_PRECOMPILE_PREFIX_HEADER = YES;
				GCC_PREFIX_HEADER = "BlinkIt/BlinkIt-Prefix.pch";
				GCC_PREPROCESSOR_DEFINITIONS = (
					"DEBUG=1",
					"$(inherited)",
				);
				INFOPLIST_FILE = "BlinkItTests/BlinkItTests-Info.plist";
				PRODUCT_NAME = "$(TARGET_NAME)";
				TEST_HOST = "$(BUNDLE_LOADER)";
				WRAPPER_EXTENSION = xctest;
			};
			name = Debug;
		};
		5EAB8AD7187E73DF00B02953 /* Release */ = {
			isa = XCBuildConfiguration;
			buildSettings = {
				ARCHS = "$(ARCHS_STANDARD_INCLUDING_64_BIT)";
				BUNDLE_LOADER = "$(BUILT_PRODUCTS_DIR)/BlinkIt.app/BlinkIt";
				FRAMEWORK_SEARCH_PATHS = (
					"$(SDKROOT)/Developer/Library/Frameworks",
					"$(inherited)",
					"$(DEVELOPER_FRAMEWORKS_DIR)",
				);
				GCC_PRECOMPILE_PREFIX_HEADER = YES;
				GCC_PREFIX_HEADER = "BlinkIt/BlinkIt-Prefix.pch";
				INFOPLIST_FILE = "BlinkItTests/BlinkItTests-Info.plist";
				PRODUCT_NAME = "$(TARGET_NAME)";
				TEST_HOST = "$(BUNDLE_LOADER)";
				WRAPPER_EXTENSION = xctest;
			};
			name = Release;
		};
/* End XCBuildConfiguration section */

/* Begin XCConfigurationList section */
		5EAB8A9B187E73DF00B02953 /* Build configuration list for PBXProject "BlinkIt" */ = {
			isa = XCConfigurationList;
			buildConfigurations = (
				5EAB8AD0187E73DF00B02953 /* Debug */,
				5EAB8AD1187E73DF00B02953 /* Release */,
			);
			defaultConfigurationIsVisible = 0;
			defaultConfigurationName = Release;
		};
		5EAB8AD2187E73DF00B02953 /* Build configuration list for PBXNativeTarget "BlinkIt" */ = {
			isa = XCConfigurationList;
			buildConfigurations = (
				5EAB8AD3187E73DF00B02953 /* Debug */,
				5EAB8AD4187E73DF00B02953 /* Release */,
			);
			defaultConfigurationIsVisible = 0;
			defaultConfigurationName = Release;
		};
		5EAB8AD5187E73DF00B02953 /* Build configuration list for PBXNativeTarget "BlinkItTests" */ = {
			isa = XCConfigurationList;
			buildConfigurations = (
				5EAB8AD6187E73DF00B02953 /* Debug */,
				5EAB8AD7187E73DF00B02953 /* Release */,
			);
			defaultConfigurationIsVisible = 0;
			defaultConfigurationName = Release;
		};
/* End XCConfigurationList section */
	};
	rootObject = 5EAB8A98187E73DF00B02953 /* Project object */;
}
